
Microsoft Visual Studio Solution File, Format Version 12.00
# Visual Studio Version 16
VisualStudioVersion = 16.0.29104.9
MinimumVisualStudioVersion = 10.0.40219.1
Project("{9A19103F-16F7-4668-BE54-9A1E7A4F7556}") = "Microsoft.DotNet.Darc", "src\Microsoft.DotNet.Darc\src\Darc\Microsoft.DotNet.Darc.csproj", "{054F97CB-9E79-4271-A288-83B8A88D1B5E}"
EndProject
Project("{9A19103F-16F7-4668-BE54-9A1E7A4F7556}") = "Microsoft.DotNet.DarcLib", "src\Microsoft.DotNet.Darc\src\DarcLib\Microsoft.DotNet.DarcLib.csproj", "{E6B8E8D8-957E-42CA-82E6-580B246097D1}"
EndProject
Project("{2150E333-8FDC-42A3-9474-1A3956D46DE8}") = "Maestro", "Maestro", "{AE791E26-78E1-4936-BCF4-1BF5152CBBD6}"
EndProject
Project("{9A19103F-16F7-4668-BE54-9A1E7A4F7556}") = "Maestro.Web", "src\Maestro\Maestro.Web\Maestro.Web.csproj", "{E12938B4-45A0-43E7-B569-873BFF08679A}"
EndProject
Project("{9A19103F-16F7-4668-BE54-9A1E7A4F7556}") = "Microsoft.AspNetCore.ApiVersioning", "src\Maestro\Microsoft.AspNetCore.ApiVersioning\Microsoft.AspNetCore.ApiVersioning.csproj", "{B56B670C-6E16-46D0-8B61-D6AD3B5A2BB7}"
EndProject
Project("{9A19103F-16F7-4668-BE54-9A1E7A4F7556}") = "Microsoft.AspNetCore.ApiVersioning.Analyzers", "src\Maestro\Microsoft.AspNetCore.ApiVersioning.Analyzers\Microsoft.AspNetCore.ApiVersioning.Analyzers.csproj", "{D2643A28-9B31-4321-ADD3-69819C877865}"
EndProject
Project("{9A19103F-16F7-4668-BE54-9A1E7A4F7556}") = "Microsoft.AspNetCore.ApiVersioning.Swashbuckle", "src\Maestro\Microsoft.AspNetCore.ApiVersioning.Swashbuckle\Microsoft.AspNetCore.ApiVersioning.Swashbuckle.csproj", "{7AF105AA-BD88-48EF-B565-E23BBF131D82}"
EndProject
Project("{9A19103F-16F7-4668-BE54-9A1E7A4F7556}") = "Microsoft.DotNet.Maestro.Client", "src\Maestro\Client\src\Microsoft.DotNet.Maestro.Client.csproj", "{CBE5BE25-B3DE-4B73-AED5-644B7F752545}"
EndProject
Project("{9A19103F-16F7-4668-BE54-9A1E7A4F7556}") = "Microsoft.DotNet.Maestro.Tasks", "src\Maestro\Microsoft.DotNet.Maestro.Tasks\Microsoft.DotNet.Maestro.Tasks.csproj", "{A89A17DE-2012-4CB0-83D2-128B297A7C05}"
EndProject
Project("{9A19103F-16F7-4668-BE54-9A1E7A4F7556}") = "Maestro.Data", "src\Maestro\Maestro.Data\Maestro.Data.csproj", "{1FB787F0-9AB6-44AC-801E-4274A37693A3}"
EndProject
Project("{9A19103F-16F7-4668-BE54-9A1E7A4F7556}") = "Maestro.Contracts", "src\Maestro\Maestro.Contracts\Maestro.Contracts.csproj", "{1B8FF228-FE29-4963-8306-0BCBDD8073C3}"
EndProject
Project("{9A19103F-16F7-4668-BE54-9A1E7A4F7556}") = "DependencyUpdater", "src\Maestro\DependencyUpdater\DependencyUpdater.csproj", "{7D3FE978-4FFA-41EE-8A0A-1030AC471EF5}"
EndProject
Project("{9A19103F-16F7-4668-BE54-9A1E7A4F7556}") = "SubscriptionActorService.Tests", "src\Maestro\tests\SubscriptionActorService.Tests\SubscriptionActorService.Tests.csproj", "{F36F9656-35D1-4B39-A812-25ED2E91F350}"
EndProject
Project("{9A19103F-16F7-4668-BE54-9A1E7A4F7556}") = "SubscriptionActorService", "src\Maestro\SubscriptionActorService\SubscriptionActorService.csproj", "{EDF632B3-48E2-43FD-B014-79CDED8F4240}"
EndProject
Project("{9A19103F-16F7-4668-BE54-9A1E7A4F7556}") = "Microsoft.DotNet.EntityFrameworkCore.Extensions", "src\Maestro\Microsoft.DotNet.EntityFrameworkCore.Extensions\Microsoft.DotNet.EntityFrameworkCore.Extensions.csproj", "{C1678663-FB29-4D54-980E-00090785073D}"
EndProject
Project("{9A19103F-16F7-4668-BE54-9A1E7A4F7556}") = "Microsoft.AspNetCore.ApiPagination", "src\Maestro\Microsoft.AspNetCore.ApiPagination\Microsoft.AspNetCore.ApiPagination.csproj", "{01C47D1E-5EBD-484A-B317-B8FC86707E6E}"
EndProject
Project("{9A19103F-16F7-4668-BE54-9A1E7A4F7556}") = "Maestro.MergePolicies", "src\Maestro\Maestro.MergePolicies\Maestro.MergePolicies.csproj", "{37D70EEA-9621-44EB-921A-5D303917F851}"
EndProject
Project("{9A19103F-16F7-4668-BE54-9A1E7A4F7556}") = "ServiceFabricMocks", "src\Maestro\ServiceFabricMocks\ServiceFabricMocks.csproj", "{7D66C883-C833-4BBC-82E5-5B2766DC719F}"
EndProject
Project("{9A19103F-16F7-4668-BE54-9A1E7A4F7556}") = "Microsoft.DotNet.ServiceFabric.ServiceHost", "src\Microsoft.DotNet.ServiceFabric.ServiceHost\Microsoft.DotNet.ServiceFabric.ServiceHost.csproj", "{28AAC217-90D1-4CE5-90BC-87FC66C217EB}"
EndProject
Project("{A07B5EB6-E848-4116-A8D0-A826331D98C6}") = "MaestroApplication", "src\Maestro\MaestroApplication\MaestroApplication.sfproj", "{93F066A5-A2D8-4926-A255-81077AEE5972}"
EndProject
Project("{9A19103F-16F7-4668-BE54-9A1E7A4F7556}") = "Maestro.AzureDevOps", "src\Maestro\Maestro.AzureDevOps\Maestro.AzureDevOps.csproj", "{423EDB52-F832-4AE9-B85F-7F427056940A}"
EndProject
Project("{9A19103F-16F7-4668-BE54-9A1E7A4F7556}") = "Microsoft.DotNet.Darc.Tests", "src\Microsoft.DotNet.Darc\tests\Microsoft.DotNet.Darc.Tests\Microsoft.DotNet.Darc.Tests.csproj", "{B70F2B5F-AEFA-4E68-966A-5E7007579070}"
EndProject
Project("{9A19103F-16F7-4668-BE54-9A1E7A4F7556}") = "Microsoft.DotNet.DarcLib.AzDev", "src\Microsoft.DotNet.Darc\src\DarcLib.AzDev\Microsoft.DotNet.DarcLib.AzDev.csproj", "{F5AFEE21-DC23-42AE-9616-5F4281470732}"
EndProject
Project("{2150E333-8FDC-42A3-9474-1A3956D46DE8}") = "Telemetry", "Telemetry", "{0D9FE592-7EB7-4CEE-95E8-3379B98041C6}"
EndProject
Project("{A07B5EB6-E848-4116-A8D0-A826331D98C6}") = "TelemetryApplication", "src\Telemetry\TelemetryApplication\TelemetryApplication.sfproj", "{F9C22C96-6E04-428D-B3F9-3D49AC04CBB6}"
EndProject
Project("{9A19103F-16F7-4668-BE54-9A1E7A4F7556}") = "AzureDevOpsTimeline", "src\Telemetry\AzureDevOpsTimeline\AzureDevOpsTimeline.csproj", "{4C27D3E3-3F0C-479B-A9AB-2D9EBCE88503}"
EndProject
Project("{2150E333-8FDC-42A3-9474-1A3956D46DE8}") = "Solution Items", "Solution Items", "{C9012867-A5A4-464F-A104-99A8D6C97DAF}"
	ProjectSection(SolutionItems) = preProject
		.editorconfig = .editorconfig
		azure-pipelines.yml = azure-pipelines.yml
		Build.cmd = Build.cmd
		build.sh = build.sh
		CodeCoverage.runsettings = CodeCoverage.runsettings
		Directory.Build.props = Directory.Build.props
		Directory.Build.targets = Directory.Build.targets
		global.json = global.json
		eng\Versions.props = eng\Versions.props
	EndProjectSection
EndProject
Project("{2150E333-8FDC-42A3-9474-1A3956D46DE8}") = "Shared", "Shared", "{FB572E03-6F42-4262-ABB6-9D481E3647D6}"
EndProject
Project("{9A19103F-16F7-4668-BE54-9A1E7A4F7556}") = "Microsoft.DotNet.GitHub.Authentication", "src\Shared\Microsoft.DotNet.GitHub.Authentication\Microsoft.DotNet.GitHub.Authentication.csproj", "{224E1B78-812F-4E1A-965D-2CB46AD83711}"
EndProject
Project("{9A19103F-16F7-4668-BE54-9A1E7A4F7556}") = "Microsoft.DotNet.Kusto", "src\Shared\Microsoft.DotNet.Kusto\Microsoft.DotNet.Kusto.csproj", "{F017F709-6F02-4FFE-A4A4-5FE3EA720B4A}"
EndProject
Project("{9A19103F-16F7-4668-BE54-9A1E7A4F7556}") = "DotNet.Status.Web", "src\DotNet.Status.Web\DotNet.Status.Web.csproj", "{56A25499-1436-4694-8D62-30AFB69A8921}"
EndProject
Project("{9A19103F-16F7-4668-BE54-9A1E7A4F7556}") = "Microsoft.DotNet.Web.Authentication", "src\shared\Microsoft.DotNet.Web.Authentication\Microsoft.DotNet.Web.Authentication.csproj", "{FE6E749D-9C95-4E7D-A0DB-EE288C5CA7BB}"
EndProject
Project("{9A19103F-16F7-4668-BE54-9A1E7A4F7556}") = "DependencyUpdater.Tests", "src\Maestro\tests\DependencyUpdater.Tests\DependencyUpdater.Tests.csproj", "{574719D7-D038-4184-848D-02DEEAD60017}"
EndProject
Project("{2150E333-8FDC-42A3-9474-1A3956D46DE8}") = "Validation", "Validation", "{F92E1B5C-26D4-4244-A4F9-41E22BA8E1CE}"
EndProject
Project("{9A19103F-16F7-4668-BE54-9A1E7A4F7556}") = "Microsoft.DotNet.Services.Utility", "src\Shared\Microsoft.DotNet.Services.Utility\Microsoft.DotNet.Services.Utility.csproj", "{4CDCFCAA-4B1E-47B7-B6F0-81FFA69BD131}"
EndProject
Project("{2150E333-8FDC-42A3-9474-1A3956D46DE8}") = "Scenarios", "Scenarios", "{939DD755-B5FC-46EF-AE8B-5073DA6D4490}"
	ProjectSection(SolutionItems) = preProject
		src\Maestro\tests\Scenarios\all.ps1 = src\Maestro\tests\Scenarios\all.ps1
		src\Maestro\tests\Scenarios\arcade-update.ps1 = src\Maestro\tests\Scenarios\arcade-update.ps1
		src\Maestro\tests\Scenarios\azdoflow-batched.ps1 = src\Maestro\tests\Scenarios\azdoflow-batched.ps1
		src\Maestro\tests\Scenarios\azdoflow-feedflow.ps1 = src\Maestro\tests\Scenarios\azdoflow-feedflow.ps1
		src\Maestro\tests\Scenarios\azdoflow-nonbatched-all-checks-successful.ps1 = src\Maestro\tests\Scenarios\azdoflow-nonbatched-all-checks-successful.ps1
		src\Maestro\tests\Scenarios\azdoflow-nonbatched.ps1 = src\Maestro\tests\Scenarios\azdoflow-nonbatched.ps1
		src\Maestro\tests\Scenarios\builds.ps1 = src\Maestro\tests\Scenarios\builds.ps1
		src\Maestro\tests\Scenarios\channels.ps1 = src\Maestro\tests\Scenarios\channels.ps1
		src\Maestro\tests\Scenarios\clone.ps1 = src\Maestro\tests\Scenarios\clone.ps1
		src\Maestro\tests\Scenarios\common.ps1 = src\Maestro\tests\Scenarios\common.ps1
		src\Maestro\tests\Scenarios\default-channels.ps1 = src\Maestro\tests\Scenarios\default-channels.ps1
		src\Maestro\tests\Scenarios\dependencies.ps1 = src\Maestro\tests\Scenarios\dependencies.ps1
		src\Maestro\tests\Scenarios\githubflow-batched.ps1 = src\Maestro\tests\Scenarios\githubflow-batched.ps1
		src\Maestro\tests\Scenarios\githubflow-nonbatched-all-checks-successful.ps1 = src\Maestro\tests\Scenarios\githubflow-nonbatched-all-checks-successful.ps1
		src\Maestro\tests\Scenarios\githubflow-nonbatched-with-coherency.ps1 = src\Maestro\tests\Scenarios\githubflow-nonbatched-with-coherency.ps1
		src\Maestro\tests\Scenarios\githubflow-nonbatched.ps1 = src\Maestro\tests\Scenarios\githubflow-nonbatched.ps1
		src\Maestro\tests\Scenarios\githubflow-release-pipeline-nonbatched.ps1 = src\Maestro\tests\Scenarios\githubflow-release-pipeline-nonbatched.ps1
		src\Maestro\tests\Scenarios\README.md = src\Maestro\tests\Scenarios\README.md
		src\Maestro\tests\Scenarios\repo-policies.ps1 = src\Maestro\tests\Scenarios\repo-policies.ps1
		src\Maestro\tests\Scenarios\subscriptions.ps1 = src\Maestro\tests\Scenarios\subscriptions.ps1
	EndProjectSection
EndProject
Project("{2150E333-8FDC-42A3-9474-1A3956D46DE8}") = "RolloutScorer", "RolloutScorer", "{15F78FA5-5BA0-4416-B244-7DD5160843A0}"
EndProject
Project("{9A19103F-16F7-4668-BE54-9A1E7A4F7556}") = "RolloutScorer", "src\RolloutScorer\RolloutScorer\RolloutScorer.csproj", "{98D0FA73-B49F-4D2F-B9F0-6191E0430B62}"
EndProject
Project("{9A19103F-16F7-4668-BE54-9A1E7A4F7556}") = "RolloutScorer.Tests", "src\RolloutScorer\RolloutScorer.Tests\RolloutScorer.Tests.csproj", "{45B1D693-0AD6-4739-82EB-A7EAFF657CE3}"
EndProject
Project("{9A19103F-16F7-4668-BE54-9A1E7A4F7556}") = "RolloutScorerAzureFunction", "src\RolloutScorer\RolloutScorerAzureFunction\RolloutScorerAzureFunction.csproj", "{50913F38-8D84-428F-AD8F-BB0904EC66E9}"
EndProject
Project("{2150E333-8FDC-42A3-9474-1A3956D46DE8}") = "Monitoring", "Monitoring", "{09C0DC50-2819-48D1-A7B6-ADC9C99EE226}"
EndProject
Project("{9A19103F-16F7-4668-BE54-9A1E7A4F7556}") = "Microsoft.DotNet.Monitoring.Sdk", "src\Monitoring\Sdk\Microsoft.DotNet.Monitoring.Sdk.csproj", "{0D7A312A-D3A5-4219-A023-25B0668BA191}"
EndProject
Project("{9A19103F-16F7-4668-BE54-9A1E7A4F7556}") = "Microsoft.DotNet.Metrics", "src\Monitoring\Microsoft.DotNet.Metrics\Microsoft.DotNet.Metrics.csproj", "{A2B7789F-0CDF-4209-9DB9-164497E3C891}"
EndProject
Project("{9A19103F-16F7-4668-BE54-9A1E7A4F7556}") = "Microsoft.DotNet.Monitoring.Sdk.Tests", "src\Monitoring\Microsoft.DotNet.Monitoring.Sdk.Tests\Microsoft.DotNet.Monitoring.Sdk.Tests.csproj", "{0F3B5969-0890-441A-8A3A-6F9E07F92645}"
EndProject
Project("{9A19103F-16F7-4668-BE54-9A1E7A4F7556}") = "Maestro.ScenarioTests", "src\Maestro\tests\Maestro.ScenarioTests\Maestro.ScenarioTests.csproj", "{5C7B6C2F-9173-4729-9BEC-A7B055312D5F}"
EndProject
Project("{9A19103F-16F7-4668-BE54-9A1E7A4F7556}") = "DependencyUpdateErrorProcessor", "src\Maestro\DependencyUpdateErrorProcessor\DependencyUpdateErrorProcessor.csproj", "{7D7E290E-7A94-4F7B-AA05-27156C4A3CAC}"
EndProject
Project("{9A19103F-16F7-4668-BE54-9A1E7A4F7556}") = "Microsoft.DncEng.Configuration.Extensions", "src\Microsoft.DncEng.Configuration.Extensions\Microsoft.DncEng.Configuration.Extensions.csproj", "{72D673DF-6D05-4501-B7E5-921D424A46C4}"
EndProject
Project("{9A19103F-16F7-4668-BE54-9A1E7A4F7556}") = "FeedCleanerService.Tests", "src\Maestro\tests\FeedCleaner.Tests\FeedCleanerService.Tests.csproj", "{93D3662A-65AB-4010-AA96-22AA54F56416}"
EndProject
Project("{9A19103F-16F7-4668-BE54-9A1E7A4F7556}") = "FeedCleanerService", "src\Maestro\FeedCleanerService\FeedCleanerService.csproj", "{C7E8C999-F8AE-427D-B748-6BCF7202B476}"
EndProject
Project("{9A19103F-16F7-4668-BE54-9A1E7A4F7556}") = "Maestro.DataProviders", "src\Maestro\Maestro.DataProviders\Maestro.DataProviders.csproj", "{AD4D66B9-6CAB-4729-A5D1-57A859E06801}"
EndProject
Project("{9A19103F-16F7-4668-BE54-9A1E7A4F7556}") = "Microsoft.DotNet.Internal.Logging", "src\Shared\MIcrosoft.DotNet.Internal.Logging\Microsoft.DotNet.Internal.Logging.csproj", "{2C7D3A7A-26E2-4A9D-97D6-9AF3812F6906}"
EndProject
Project("{9A19103F-16F7-4668-BE54-9A1E7A4F7556}") = "Microsoft.DncEng.DeployServiceFabricCluster", "src\Microsoft.DncEng.DeployServiceFabricCluster\Microsoft.DncEng.DeployServiceFabricCluster.csproj", "{6307FF01-47DB-4EE6-86FF-9E78D8832D37}"
EndProject
Project("{9A19103F-16F7-4668-BE54-9A1E7A4F7556}") = "Microsoft.DncEng.Configuration.Bootstrap", "src\Microsoft.DncEng.Configuration.Bootstrap\Microsoft.DncEng.Configuration.Bootstrap.csproj", "{2D72FBB5-9F29-40D5-9206-92A814DF47EC}"
EndProject
Project("{9A19103F-16F7-4668-BE54-9A1E7A4F7556}") = "Microsoft.DotNet.Internal.DependencyInjection.Testing", "src\Shared\Microsoft.DotNet.Internal.DependencyInjection.Testing\Microsoft.DotNet.Internal.DependencyInjection.Testing.csproj", "{B6A55DC4-18E2-4B1B-AE7E-9B80F2ADC048}"
EndProject
Project("{9A19103F-16F7-4668-BE54-9A1E7A4F7556}") = "AzureDevOpsClient", "src\Telemetry\AzureDevOpsClient\AzureDevOpsClient.csproj", "{B9BA1250-C36F-4390-AAB2-D1A7A67889FD}"
EndProject
Global
	GlobalSection(SolutionConfigurationPlatforms) = preSolution
		Debug|Any CPU = Debug|Any CPU
		Debug|x64 = Debug|x64
		Debug|x86 = Debug|x86
		Release|Any CPU = Release|Any CPU
		Release|x64 = Release|x64
		Release|x86 = Release|x86
	EndGlobalSection
	GlobalSection(ProjectConfigurationPlatforms) = postSolution
		{054F97CB-9E79-4271-A288-83B8A88D1B5E}.Debug|Any CPU.ActiveCfg = Debug|Any CPU
		{054F97CB-9E79-4271-A288-83B8A88D1B5E}.Debug|Any CPU.Build.0 = Debug|Any CPU
		{054F97CB-9E79-4271-A288-83B8A88D1B5E}.Debug|x64.ActiveCfg = Debug|Any CPU
		{054F97CB-9E79-4271-A288-83B8A88D1B5E}.Debug|x64.Build.0 = Debug|Any CPU
		{054F97CB-9E79-4271-A288-83B8A88D1B5E}.Debug|x86.ActiveCfg = Debug|Any CPU
		{054F97CB-9E79-4271-A288-83B8A88D1B5E}.Debug|x86.Build.0 = Debug|Any CPU
		{054F97CB-9E79-4271-A288-83B8A88D1B5E}.Release|Any CPU.ActiveCfg = Release|Any CPU
		{054F97CB-9E79-4271-A288-83B8A88D1B5E}.Release|Any CPU.Build.0 = Release|Any CPU
		{054F97CB-9E79-4271-A288-83B8A88D1B5E}.Release|x64.ActiveCfg = Release|Any CPU
		{054F97CB-9E79-4271-A288-83B8A88D1B5E}.Release|x64.Build.0 = Release|Any CPU
		{054F97CB-9E79-4271-A288-83B8A88D1B5E}.Release|x86.ActiveCfg = Release|Any CPU
		{054F97CB-9E79-4271-A288-83B8A88D1B5E}.Release|x86.Build.0 = Release|Any CPU
		{E6B8E8D8-957E-42CA-82E6-580B246097D1}.Debug|Any CPU.ActiveCfg = Debug|Any CPU
		{E6B8E8D8-957E-42CA-82E6-580B246097D1}.Debug|Any CPU.Build.0 = Debug|Any CPU
		{E6B8E8D8-957E-42CA-82E6-580B246097D1}.Debug|x64.ActiveCfg = Debug|Any CPU
		{E6B8E8D8-957E-42CA-82E6-580B246097D1}.Debug|x64.Build.0 = Debug|Any CPU
		{E6B8E8D8-957E-42CA-82E6-580B246097D1}.Debug|x86.ActiveCfg = Debug|Any CPU
		{E6B8E8D8-957E-42CA-82E6-580B246097D1}.Debug|x86.Build.0 = Debug|Any CPU
		{E6B8E8D8-957E-42CA-82E6-580B246097D1}.Release|Any CPU.ActiveCfg = Release|Any CPU
		{E6B8E8D8-957E-42CA-82E6-580B246097D1}.Release|Any CPU.Build.0 = Release|Any CPU
		{E6B8E8D8-957E-42CA-82E6-580B246097D1}.Release|x64.ActiveCfg = Release|Any CPU
		{E6B8E8D8-957E-42CA-82E6-580B246097D1}.Release|x64.Build.0 = Release|Any CPU
		{E6B8E8D8-957E-42CA-82E6-580B246097D1}.Release|x86.ActiveCfg = Release|Any CPU
		{E6B8E8D8-957E-42CA-82E6-580B246097D1}.Release|x86.Build.0 = Release|Any CPU
		{E12938B4-45A0-43E7-B569-873BFF08679A}.Debug|Any CPU.ActiveCfg = Debug|Any CPU
		{E12938B4-45A0-43E7-B569-873BFF08679A}.Debug|Any CPU.Build.0 = Debug|Any CPU
		{E12938B4-45A0-43E7-B569-873BFF08679A}.Debug|x64.ActiveCfg = Debug|Any CPU
		{E12938B4-45A0-43E7-B569-873BFF08679A}.Debug|x64.Build.0 = Debug|Any CPU
		{E12938B4-45A0-43E7-B569-873BFF08679A}.Debug|x86.ActiveCfg = Debug|Any CPU
		{E12938B4-45A0-43E7-B569-873BFF08679A}.Debug|x86.Build.0 = Debug|Any CPU
		{E12938B4-45A0-43E7-B569-873BFF08679A}.Release|Any CPU.ActiveCfg = Release|Any CPU
		{E12938B4-45A0-43E7-B569-873BFF08679A}.Release|Any CPU.Build.0 = Release|Any CPU
		{E12938B4-45A0-43E7-B569-873BFF08679A}.Release|x64.ActiveCfg = Release|Any CPU
		{E12938B4-45A0-43E7-B569-873BFF08679A}.Release|x64.Build.0 = Release|Any CPU
		{E12938B4-45A0-43E7-B569-873BFF08679A}.Release|x86.ActiveCfg = Release|Any CPU
		{E12938B4-45A0-43E7-B569-873BFF08679A}.Release|x86.Build.0 = Release|Any CPU
		{B56B670C-6E16-46D0-8B61-D6AD3B5A2BB7}.Debug|Any CPU.ActiveCfg = Debug|Any CPU
		{B56B670C-6E16-46D0-8B61-D6AD3B5A2BB7}.Debug|Any CPU.Build.0 = Debug|Any CPU
		{B56B670C-6E16-46D0-8B61-D6AD3B5A2BB7}.Debug|x64.ActiveCfg = Debug|Any CPU
		{B56B670C-6E16-46D0-8B61-D6AD3B5A2BB7}.Debug|x64.Build.0 = Debug|Any CPU
		{B56B670C-6E16-46D0-8B61-D6AD3B5A2BB7}.Debug|x86.ActiveCfg = Debug|Any CPU
		{B56B670C-6E16-46D0-8B61-D6AD3B5A2BB7}.Debug|x86.Build.0 = Debug|Any CPU
		{B56B670C-6E16-46D0-8B61-D6AD3B5A2BB7}.Release|Any CPU.ActiveCfg = Release|Any CPU
		{B56B670C-6E16-46D0-8B61-D6AD3B5A2BB7}.Release|Any CPU.Build.0 = Release|Any CPU
		{B56B670C-6E16-46D0-8B61-D6AD3B5A2BB7}.Release|x64.ActiveCfg = Release|Any CPU
		{B56B670C-6E16-46D0-8B61-D6AD3B5A2BB7}.Release|x64.Build.0 = Release|Any CPU
		{B56B670C-6E16-46D0-8B61-D6AD3B5A2BB7}.Release|x86.ActiveCfg = Release|Any CPU
		{B56B670C-6E16-46D0-8B61-D6AD3B5A2BB7}.Release|x86.Build.0 = Release|Any CPU
		{D2643A28-9B31-4321-ADD3-69819C877865}.Debug|Any CPU.ActiveCfg = Debug|Any CPU
		{D2643A28-9B31-4321-ADD3-69819C877865}.Debug|Any CPU.Build.0 = Debug|Any CPU
		{D2643A28-9B31-4321-ADD3-69819C877865}.Debug|x64.ActiveCfg = Debug|Any CPU
		{D2643A28-9B31-4321-ADD3-69819C877865}.Debug|x64.Build.0 = Debug|Any CPU
		{D2643A28-9B31-4321-ADD3-69819C877865}.Debug|x86.ActiveCfg = Debug|Any CPU
		{D2643A28-9B31-4321-ADD3-69819C877865}.Debug|x86.Build.0 = Debug|Any CPU
		{D2643A28-9B31-4321-ADD3-69819C877865}.Release|Any CPU.ActiveCfg = Release|Any CPU
		{D2643A28-9B31-4321-ADD3-69819C877865}.Release|Any CPU.Build.0 = Release|Any CPU
		{D2643A28-9B31-4321-ADD3-69819C877865}.Release|x64.ActiveCfg = Release|Any CPU
		{D2643A28-9B31-4321-ADD3-69819C877865}.Release|x64.Build.0 = Release|Any CPU
		{D2643A28-9B31-4321-ADD3-69819C877865}.Release|x86.ActiveCfg = Release|Any CPU
		{D2643A28-9B31-4321-ADD3-69819C877865}.Release|x86.Build.0 = Release|Any CPU
		{7AF105AA-BD88-48EF-B565-E23BBF131D82}.Debug|Any CPU.ActiveCfg = Debug|Any CPU
		{7AF105AA-BD88-48EF-B565-E23BBF131D82}.Debug|Any CPU.Build.0 = Debug|Any CPU
		{7AF105AA-BD88-48EF-B565-E23BBF131D82}.Debug|x64.ActiveCfg = Debug|Any CPU
		{7AF105AA-BD88-48EF-B565-E23BBF131D82}.Debug|x64.Build.0 = Debug|Any CPU
		{7AF105AA-BD88-48EF-B565-E23BBF131D82}.Debug|x86.ActiveCfg = Debug|Any CPU
		{7AF105AA-BD88-48EF-B565-E23BBF131D82}.Debug|x86.Build.0 = Debug|Any CPU
		{7AF105AA-BD88-48EF-B565-E23BBF131D82}.Release|Any CPU.ActiveCfg = Release|Any CPU
		{7AF105AA-BD88-48EF-B565-E23BBF131D82}.Release|Any CPU.Build.0 = Release|Any CPU
		{7AF105AA-BD88-48EF-B565-E23BBF131D82}.Release|x64.ActiveCfg = Release|Any CPU
		{7AF105AA-BD88-48EF-B565-E23BBF131D82}.Release|x64.Build.0 = Release|Any CPU
		{7AF105AA-BD88-48EF-B565-E23BBF131D82}.Release|x86.ActiveCfg = Release|Any CPU
		{7AF105AA-BD88-48EF-B565-E23BBF131D82}.Release|x86.Build.0 = Release|Any CPU
		{CBE5BE25-B3DE-4B73-AED5-644B7F752545}.Debug|Any CPU.ActiveCfg = Debug|Any CPU
		{CBE5BE25-B3DE-4B73-AED5-644B7F752545}.Debug|Any CPU.Build.0 = Debug|Any CPU
		{CBE5BE25-B3DE-4B73-AED5-644B7F752545}.Debug|x64.ActiveCfg = Debug|Any CPU
		{CBE5BE25-B3DE-4B73-AED5-644B7F752545}.Debug|x64.Build.0 = Debug|Any CPU
		{CBE5BE25-B3DE-4B73-AED5-644B7F752545}.Debug|x86.ActiveCfg = Debug|Any CPU
		{CBE5BE25-B3DE-4B73-AED5-644B7F752545}.Debug|x86.Build.0 = Debug|Any CPU
		{CBE5BE25-B3DE-4B73-AED5-644B7F752545}.Release|Any CPU.ActiveCfg = Release|Any CPU
		{CBE5BE25-B3DE-4B73-AED5-644B7F752545}.Release|Any CPU.Build.0 = Release|Any CPU
		{CBE5BE25-B3DE-4B73-AED5-644B7F752545}.Release|x64.ActiveCfg = Release|Any CPU
		{CBE5BE25-B3DE-4B73-AED5-644B7F752545}.Release|x64.Build.0 = Release|Any CPU
		{CBE5BE25-B3DE-4B73-AED5-644B7F752545}.Release|x86.ActiveCfg = Release|Any CPU
		{CBE5BE25-B3DE-4B73-AED5-644B7F752545}.Release|x86.Build.0 = Release|Any CPU
		{A89A17DE-2012-4CB0-83D2-128B297A7C05}.Debug|Any CPU.ActiveCfg = Debug|Any CPU
		{A89A17DE-2012-4CB0-83D2-128B297A7C05}.Debug|Any CPU.Build.0 = Debug|Any CPU
		{A89A17DE-2012-4CB0-83D2-128B297A7C05}.Debug|x64.ActiveCfg = Debug|Any CPU
		{A89A17DE-2012-4CB0-83D2-128B297A7C05}.Debug|x64.Build.0 = Debug|Any CPU
		{A89A17DE-2012-4CB0-83D2-128B297A7C05}.Debug|x86.ActiveCfg = Debug|Any CPU
		{A89A17DE-2012-4CB0-83D2-128B297A7C05}.Debug|x86.Build.0 = Debug|Any CPU
		{A89A17DE-2012-4CB0-83D2-128B297A7C05}.Release|Any CPU.ActiveCfg = Release|Any CPU
		{A89A17DE-2012-4CB0-83D2-128B297A7C05}.Release|Any CPU.Build.0 = Release|Any CPU
		{A89A17DE-2012-4CB0-83D2-128B297A7C05}.Release|x64.ActiveCfg = Release|Any CPU
		{A89A17DE-2012-4CB0-83D2-128B297A7C05}.Release|x64.Build.0 = Release|Any CPU
		{A89A17DE-2012-4CB0-83D2-128B297A7C05}.Release|x86.ActiveCfg = Release|Any CPU
		{A89A17DE-2012-4CB0-83D2-128B297A7C05}.Release|x86.Build.0 = Release|Any CPU
		{1FB787F0-9AB6-44AC-801E-4274A37693A3}.Debug|Any CPU.ActiveCfg = Debug|Any CPU
		{1FB787F0-9AB6-44AC-801E-4274A37693A3}.Debug|Any CPU.Build.0 = Debug|Any CPU
		{1FB787F0-9AB6-44AC-801E-4274A37693A3}.Debug|x64.ActiveCfg = Debug|Any CPU
		{1FB787F0-9AB6-44AC-801E-4274A37693A3}.Debug|x64.Build.0 = Debug|Any CPU
		{1FB787F0-9AB6-44AC-801E-4274A37693A3}.Debug|x86.ActiveCfg = Debug|Any CPU
		{1FB787F0-9AB6-44AC-801E-4274A37693A3}.Debug|x86.Build.0 = Debug|Any CPU
		{1FB787F0-9AB6-44AC-801E-4274A37693A3}.Release|Any CPU.ActiveCfg = Release|Any CPU
		{1FB787F0-9AB6-44AC-801E-4274A37693A3}.Release|Any CPU.Build.0 = Release|Any CPU
		{1FB787F0-9AB6-44AC-801E-4274A37693A3}.Release|x64.ActiveCfg = Release|Any CPU
		{1FB787F0-9AB6-44AC-801E-4274A37693A3}.Release|x64.Build.0 = Release|Any CPU
		{1FB787F0-9AB6-44AC-801E-4274A37693A3}.Release|x86.ActiveCfg = Release|Any CPU
		{1FB787F0-9AB6-44AC-801E-4274A37693A3}.Release|x86.Build.0 = Release|Any CPU
		{1B8FF228-FE29-4963-8306-0BCBDD8073C3}.Debug|Any CPU.ActiveCfg = Debug|Any CPU
		{1B8FF228-FE29-4963-8306-0BCBDD8073C3}.Debug|Any CPU.Build.0 = Debug|Any CPU
		{1B8FF228-FE29-4963-8306-0BCBDD8073C3}.Debug|x64.ActiveCfg = Debug|Any CPU
		{1B8FF228-FE29-4963-8306-0BCBDD8073C3}.Debug|x64.Build.0 = Debug|Any CPU
		{1B8FF228-FE29-4963-8306-0BCBDD8073C3}.Debug|x86.ActiveCfg = Debug|Any CPU
		{1B8FF228-FE29-4963-8306-0BCBDD8073C3}.Debug|x86.Build.0 = Debug|Any CPU
		{1B8FF228-FE29-4963-8306-0BCBDD8073C3}.Release|Any CPU.ActiveCfg = Release|Any CPU
		{1B8FF228-FE29-4963-8306-0BCBDD8073C3}.Release|Any CPU.Build.0 = Release|Any CPU
		{1B8FF228-FE29-4963-8306-0BCBDD8073C3}.Release|x64.ActiveCfg = Release|Any CPU
		{1B8FF228-FE29-4963-8306-0BCBDD8073C3}.Release|x64.Build.0 = Release|Any CPU
		{1B8FF228-FE29-4963-8306-0BCBDD8073C3}.Release|x86.ActiveCfg = Release|Any CPU
		{1B8FF228-FE29-4963-8306-0BCBDD8073C3}.Release|x86.Build.0 = Release|Any CPU
		{7D3FE978-4FFA-41EE-8A0A-1030AC471EF5}.Debug|Any CPU.ActiveCfg = Debug|Any CPU
		{7D3FE978-4FFA-41EE-8A0A-1030AC471EF5}.Debug|Any CPU.Build.0 = Debug|Any CPU
		{7D3FE978-4FFA-41EE-8A0A-1030AC471EF5}.Debug|x64.ActiveCfg = Debug|Any CPU
		{7D3FE978-4FFA-41EE-8A0A-1030AC471EF5}.Debug|x64.Build.0 = Debug|Any CPU
		{7D3FE978-4FFA-41EE-8A0A-1030AC471EF5}.Debug|x86.ActiveCfg = Debug|Any CPU
		{7D3FE978-4FFA-41EE-8A0A-1030AC471EF5}.Debug|x86.Build.0 = Debug|Any CPU
		{7D3FE978-4FFA-41EE-8A0A-1030AC471EF5}.Release|Any CPU.ActiveCfg = Release|Any CPU
		{7D3FE978-4FFA-41EE-8A0A-1030AC471EF5}.Release|Any CPU.Build.0 = Release|Any CPU
		{7D3FE978-4FFA-41EE-8A0A-1030AC471EF5}.Release|x64.ActiveCfg = Release|Any CPU
		{7D3FE978-4FFA-41EE-8A0A-1030AC471EF5}.Release|x64.Build.0 = Release|Any CPU
		{7D3FE978-4FFA-41EE-8A0A-1030AC471EF5}.Release|x86.ActiveCfg = Release|Any CPU
		{7D3FE978-4FFA-41EE-8A0A-1030AC471EF5}.Release|x86.Build.0 = Release|Any CPU
		{F36F9656-35D1-4B39-A812-25ED2E91F350}.Debug|Any CPU.ActiveCfg = Debug|Any CPU
		{F36F9656-35D1-4B39-A812-25ED2E91F350}.Debug|Any CPU.Build.0 = Debug|Any CPU
		{F36F9656-35D1-4B39-A812-25ED2E91F350}.Debug|x64.ActiveCfg = Debug|Any CPU
		{F36F9656-35D1-4B39-A812-25ED2E91F350}.Debug|x64.Build.0 = Debug|Any CPU
		{F36F9656-35D1-4B39-A812-25ED2E91F350}.Debug|x86.ActiveCfg = Debug|Any CPU
		{F36F9656-35D1-4B39-A812-25ED2E91F350}.Debug|x86.Build.0 = Debug|Any CPU
		{F36F9656-35D1-4B39-A812-25ED2E91F350}.Release|Any CPU.ActiveCfg = Release|Any CPU
		{F36F9656-35D1-4B39-A812-25ED2E91F350}.Release|Any CPU.Build.0 = Release|Any CPU
		{F36F9656-35D1-4B39-A812-25ED2E91F350}.Release|x64.ActiveCfg = Release|Any CPU
		{F36F9656-35D1-4B39-A812-25ED2E91F350}.Release|x64.Build.0 = Release|Any CPU
		{F36F9656-35D1-4B39-A812-25ED2E91F350}.Release|x86.ActiveCfg = Release|Any CPU
		{F36F9656-35D1-4B39-A812-25ED2E91F350}.Release|x86.Build.0 = Release|Any CPU
		{EDF632B3-48E2-43FD-B014-79CDED8F4240}.Debug|Any CPU.ActiveCfg = Debug|Any CPU
		{EDF632B3-48E2-43FD-B014-79CDED8F4240}.Debug|Any CPU.Build.0 = Debug|Any CPU
		{EDF632B3-48E2-43FD-B014-79CDED8F4240}.Debug|x64.ActiveCfg = Debug|Any CPU
		{EDF632B3-48E2-43FD-B014-79CDED8F4240}.Debug|x64.Build.0 = Debug|Any CPU
		{EDF632B3-48E2-43FD-B014-79CDED8F4240}.Debug|x86.ActiveCfg = Debug|Any CPU
		{EDF632B3-48E2-43FD-B014-79CDED8F4240}.Debug|x86.Build.0 = Debug|Any CPU
		{EDF632B3-48E2-43FD-B014-79CDED8F4240}.Release|Any CPU.ActiveCfg = Release|Any CPU
		{EDF632B3-48E2-43FD-B014-79CDED8F4240}.Release|Any CPU.Build.0 = Release|Any CPU
		{EDF632B3-48E2-43FD-B014-79CDED8F4240}.Release|x64.ActiveCfg = Release|Any CPU
		{EDF632B3-48E2-43FD-B014-79CDED8F4240}.Release|x64.Build.0 = Release|Any CPU
		{EDF632B3-48E2-43FD-B014-79CDED8F4240}.Release|x86.ActiveCfg = Release|Any CPU
		{EDF632B3-48E2-43FD-B014-79CDED8F4240}.Release|x86.Build.0 = Release|Any CPU
		{C1678663-FB29-4D54-980E-00090785073D}.Debug|Any CPU.ActiveCfg = Debug|Any CPU
		{C1678663-FB29-4D54-980E-00090785073D}.Debug|Any CPU.Build.0 = Debug|Any CPU
		{C1678663-FB29-4D54-980E-00090785073D}.Debug|x64.ActiveCfg = Debug|Any CPU
		{C1678663-FB29-4D54-980E-00090785073D}.Debug|x64.Build.0 = Debug|Any CPU
		{C1678663-FB29-4D54-980E-00090785073D}.Debug|x86.ActiveCfg = Debug|Any CPU
		{C1678663-FB29-4D54-980E-00090785073D}.Debug|x86.Build.0 = Debug|Any CPU
		{C1678663-FB29-4D54-980E-00090785073D}.Release|Any CPU.ActiveCfg = Release|Any CPU
		{C1678663-FB29-4D54-980E-00090785073D}.Release|Any CPU.Build.0 = Release|Any CPU
		{C1678663-FB29-4D54-980E-00090785073D}.Release|x64.ActiveCfg = Release|Any CPU
		{C1678663-FB29-4D54-980E-00090785073D}.Release|x64.Build.0 = Release|Any CPU
		{C1678663-FB29-4D54-980E-00090785073D}.Release|x86.ActiveCfg = Release|Any CPU
		{C1678663-FB29-4D54-980E-00090785073D}.Release|x86.Build.0 = Release|Any CPU
		{01C47D1E-5EBD-484A-B317-B8FC86707E6E}.Debug|Any CPU.ActiveCfg = Debug|Any CPU
		{01C47D1E-5EBD-484A-B317-B8FC86707E6E}.Debug|Any CPU.Build.0 = Debug|Any CPU
		{01C47D1E-5EBD-484A-B317-B8FC86707E6E}.Debug|x64.ActiveCfg = Debug|Any CPU
		{01C47D1E-5EBD-484A-B317-B8FC86707E6E}.Debug|x64.Build.0 = Debug|Any CPU
		{01C47D1E-5EBD-484A-B317-B8FC86707E6E}.Debug|x86.ActiveCfg = Debug|Any CPU
		{01C47D1E-5EBD-484A-B317-B8FC86707E6E}.Debug|x86.Build.0 = Debug|Any CPU
		{01C47D1E-5EBD-484A-B317-B8FC86707E6E}.Release|Any CPU.ActiveCfg = Release|Any CPU
		{01C47D1E-5EBD-484A-B317-B8FC86707E6E}.Release|Any CPU.Build.0 = Release|Any CPU
		{01C47D1E-5EBD-484A-B317-B8FC86707E6E}.Release|x64.ActiveCfg = Release|Any CPU
		{01C47D1E-5EBD-484A-B317-B8FC86707E6E}.Release|x64.Build.0 = Release|Any CPU
		{01C47D1E-5EBD-484A-B317-B8FC86707E6E}.Release|x86.ActiveCfg = Release|Any CPU
		{01C47D1E-5EBD-484A-B317-B8FC86707E6E}.Release|x86.Build.0 = Release|Any CPU
		{37D70EEA-9621-44EB-921A-5D303917F851}.Debug|Any CPU.ActiveCfg = Debug|Any CPU
		{37D70EEA-9621-44EB-921A-5D303917F851}.Debug|Any CPU.Build.0 = Debug|Any CPU
		{37D70EEA-9621-44EB-921A-5D303917F851}.Debug|x64.ActiveCfg = Debug|Any CPU
		{37D70EEA-9621-44EB-921A-5D303917F851}.Debug|x64.Build.0 = Debug|Any CPU
		{37D70EEA-9621-44EB-921A-5D303917F851}.Debug|x86.ActiveCfg = Debug|Any CPU
		{37D70EEA-9621-44EB-921A-5D303917F851}.Debug|x86.Build.0 = Debug|Any CPU
		{37D70EEA-9621-44EB-921A-5D303917F851}.Release|Any CPU.ActiveCfg = Release|Any CPU
		{37D70EEA-9621-44EB-921A-5D303917F851}.Release|Any CPU.Build.0 = Release|Any CPU
		{37D70EEA-9621-44EB-921A-5D303917F851}.Release|x64.ActiveCfg = Release|Any CPU
		{37D70EEA-9621-44EB-921A-5D303917F851}.Release|x64.Build.0 = Release|Any CPU
		{37D70EEA-9621-44EB-921A-5D303917F851}.Release|x86.ActiveCfg = Release|Any CPU
		{37D70EEA-9621-44EB-921A-5D303917F851}.Release|x86.Build.0 = Release|Any CPU
		{7D66C883-C833-4BBC-82E5-5B2766DC719F}.Debug|Any CPU.ActiveCfg = Debug|Any CPU
		{7D66C883-C833-4BBC-82E5-5B2766DC719F}.Debug|Any CPU.Build.0 = Debug|Any CPU
		{7D66C883-C833-4BBC-82E5-5B2766DC719F}.Debug|x64.ActiveCfg = Debug|Any CPU
		{7D66C883-C833-4BBC-82E5-5B2766DC719F}.Debug|x64.Build.0 = Debug|Any CPU
		{7D66C883-C833-4BBC-82E5-5B2766DC719F}.Debug|x86.ActiveCfg = Debug|Any CPU
		{7D66C883-C833-4BBC-82E5-5B2766DC719F}.Debug|x86.Build.0 = Debug|Any CPU
		{7D66C883-C833-4BBC-82E5-5B2766DC719F}.Release|Any CPU.ActiveCfg = Release|Any CPU
		{7D66C883-C833-4BBC-82E5-5B2766DC719F}.Release|Any CPU.Build.0 = Release|Any CPU
		{7D66C883-C833-4BBC-82E5-5B2766DC719F}.Release|x64.ActiveCfg = Release|Any CPU
		{7D66C883-C833-4BBC-82E5-5B2766DC719F}.Release|x64.Build.0 = Release|Any CPU
		{7D66C883-C833-4BBC-82E5-5B2766DC719F}.Release|x86.ActiveCfg = Release|Any CPU
		{7D66C883-C833-4BBC-82E5-5B2766DC719F}.Release|x86.Build.0 = Release|Any CPU
		{28AAC217-90D1-4CE5-90BC-87FC66C217EB}.Debug|Any CPU.ActiveCfg = Debug|Any CPU
		{28AAC217-90D1-4CE5-90BC-87FC66C217EB}.Debug|Any CPU.Build.0 = Debug|Any CPU
		{28AAC217-90D1-4CE5-90BC-87FC66C217EB}.Debug|x64.ActiveCfg = Debug|Any CPU
		{28AAC217-90D1-4CE5-90BC-87FC66C217EB}.Debug|x64.Build.0 = Debug|Any CPU
		{28AAC217-90D1-4CE5-90BC-87FC66C217EB}.Debug|x86.ActiveCfg = Debug|Any CPU
		{28AAC217-90D1-4CE5-90BC-87FC66C217EB}.Debug|x86.Build.0 = Debug|Any CPU
		{28AAC217-90D1-4CE5-90BC-87FC66C217EB}.Release|Any CPU.ActiveCfg = Release|Any CPU
		{28AAC217-90D1-4CE5-90BC-87FC66C217EB}.Release|Any CPU.Build.0 = Release|Any CPU
		{28AAC217-90D1-4CE5-90BC-87FC66C217EB}.Release|x64.ActiveCfg = Release|Any CPU
		{28AAC217-90D1-4CE5-90BC-87FC66C217EB}.Release|x64.Build.0 = Release|Any CPU
		{28AAC217-90D1-4CE5-90BC-87FC66C217EB}.Release|x86.ActiveCfg = Release|Any CPU
		{28AAC217-90D1-4CE5-90BC-87FC66C217EB}.Release|x86.Build.0 = Release|Any CPU
		{93F066A5-A2D8-4926-A255-81077AEE5972}.Debug|Any CPU.ActiveCfg = Debug|x64
		{93F066A5-A2D8-4926-A255-81077AEE5972}.Debug|Any CPU.Build.0 = Debug|x64
		{93F066A5-A2D8-4926-A255-81077AEE5972}.Debug|x64.ActiveCfg = Debug|x64
		{93F066A5-A2D8-4926-A255-81077AEE5972}.Debug|x64.Build.0 = Debug|x64
		{93F066A5-A2D8-4926-A255-81077AEE5972}.Debug|x64.Deploy.0 = Debug|x64
		{93F066A5-A2D8-4926-A255-81077AEE5972}.Debug|x86.ActiveCfg = Debug|x64
		{93F066A5-A2D8-4926-A255-81077AEE5972}.Release|Any CPU.ActiveCfg = Release|x64
		{93F066A5-A2D8-4926-A255-81077AEE5972}.Release|Any CPU.Build.0 = Release|x64
		{93F066A5-A2D8-4926-A255-81077AEE5972}.Release|x64.ActiveCfg = Release|x64
		{93F066A5-A2D8-4926-A255-81077AEE5972}.Release|x64.Build.0 = Release|x64
		{93F066A5-A2D8-4926-A255-81077AEE5972}.Release|x64.Deploy.0 = Release|x64
		{93F066A5-A2D8-4926-A255-81077AEE5972}.Release|x86.ActiveCfg = Release|x64
		{423EDB52-F832-4AE9-B85F-7F427056940A}.Debug|Any CPU.ActiveCfg = Debug|Any CPU
		{423EDB52-F832-4AE9-B85F-7F427056940A}.Debug|Any CPU.Build.0 = Debug|Any CPU
		{423EDB52-F832-4AE9-B85F-7F427056940A}.Debug|x64.ActiveCfg = Debug|Any CPU
		{423EDB52-F832-4AE9-B85F-7F427056940A}.Debug|x64.Build.0 = Debug|Any CPU
		{423EDB52-F832-4AE9-B85F-7F427056940A}.Debug|x86.ActiveCfg = Debug|Any CPU
		{423EDB52-F832-4AE9-B85F-7F427056940A}.Debug|x86.Build.0 = Debug|Any CPU
		{423EDB52-F832-4AE9-B85F-7F427056940A}.Release|Any CPU.ActiveCfg = Release|Any CPU
		{423EDB52-F832-4AE9-B85F-7F427056940A}.Release|Any CPU.Build.0 = Release|Any CPU
		{423EDB52-F832-4AE9-B85F-7F427056940A}.Release|x64.ActiveCfg = Release|Any CPU
		{423EDB52-F832-4AE9-B85F-7F427056940A}.Release|x64.Build.0 = Release|Any CPU
		{423EDB52-F832-4AE9-B85F-7F427056940A}.Release|x86.ActiveCfg = Release|Any CPU
		{423EDB52-F832-4AE9-B85F-7F427056940A}.Release|x86.Build.0 = Release|Any CPU
		{B70F2B5F-AEFA-4E68-966A-5E7007579070}.Debug|Any CPU.ActiveCfg = Debug|Any CPU
		{B70F2B5F-AEFA-4E68-966A-5E7007579070}.Debug|Any CPU.Build.0 = Debug|Any CPU
		{B70F2B5F-AEFA-4E68-966A-5E7007579070}.Debug|x64.ActiveCfg = Debug|Any CPU
		{B70F2B5F-AEFA-4E68-966A-5E7007579070}.Debug|x64.Build.0 = Debug|Any CPU
		{B70F2B5F-AEFA-4E68-966A-5E7007579070}.Debug|x86.ActiveCfg = Debug|Any CPU
		{B70F2B5F-AEFA-4E68-966A-5E7007579070}.Debug|x86.Build.0 = Debug|Any CPU
		{B70F2B5F-AEFA-4E68-966A-5E7007579070}.Release|Any CPU.ActiveCfg = Release|Any CPU
		{B70F2B5F-AEFA-4E68-966A-5E7007579070}.Release|Any CPU.Build.0 = Release|Any CPU
		{B70F2B5F-AEFA-4E68-966A-5E7007579070}.Release|x64.ActiveCfg = Release|Any CPU
		{B70F2B5F-AEFA-4E68-966A-5E7007579070}.Release|x64.Build.0 = Release|Any CPU
		{B70F2B5F-AEFA-4E68-966A-5E7007579070}.Release|x86.ActiveCfg = Release|Any CPU
		{B70F2B5F-AEFA-4E68-966A-5E7007579070}.Release|x86.Build.0 = Release|Any CPU
		{F5AFEE21-DC23-42AE-9616-5F4281470732}.Debug|Any CPU.ActiveCfg = Debug|Any CPU
		{F5AFEE21-DC23-42AE-9616-5F4281470732}.Debug|Any CPU.Build.0 = Debug|Any CPU
		{F5AFEE21-DC23-42AE-9616-5F4281470732}.Debug|x64.ActiveCfg = Debug|Any CPU
		{F5AFEE21-DC23-42AE-9616-5F4281470732}.Debug|x64.Build.0 = Debug|Any CPU
		{F5AFEE21-DC23-42AE-9616-5F4281470732}.Debug|x86.ActiveCfg = Debug|Any CPU
		{F5AFEE21-DC23-42AE-9616-5F4281470732}.Debug|x86.Build.0 = Debug|Any CPU
		{F5AFEE21-DC23-42AE-9616-5F4281470732}.Release|Any CPU.ActiveCfg = Release|Any CPU
		{F5AFEE21-DC23-42AE-9616-5F4281470732}.Release|Any CPU.Build.0 = Release|Any CPU
		{F5AFEE21-DC23-42AE-9616-5F4281470732}.Release|x64.ActiveCfg = Release|Any CPU
		{F5AFEE21-DC23-42AE-9616-5F4281470732}.Release|x64.Build.0 = Release|Any CPU
		{F5AFEE21-DC23-42AE-9616-5F4281470732}.Release|x86.ActiveCfg = Release|Any CPU
		{F5AFEE21-DC23-42AE-9616-5F4281470732}.Release|x86.Build.0 = Release|Any CPU
		{F9C22C96-6E04-428D-B3F9-3D49AC04CBB6}.Debug|Any CPU.ActiveCfg = Debug|x64
		{F9C22C96-6E04-428D-B3F9-3D49AC04CBB6}.Debug|Any CPU.Build.0 = Debug|x64
		{F9C22C96-6E04-428D-B3F9-3D49AC04CBB6}.Debug|x64.ActiveCfg = Debug|x64
		{F9C22C96-6E04-428D-B3F9-3D49AC04CBB6}.Debug|x64.Build.0 = Debug|x64
		{F9C22C96-6E04-428D-B3F9-3D49AC04CBB6}.Debug|x64.Deploy.0 = Debug|x64
		{F9C22C96-6E04-428D-B3F9-3D49AC04CBB6}.Debug|x86.ActiveCfg = Debug|x64
		{F9C22C96-6E04-428D-B3F9-3D49AC04CBB6}.Release|Any CPU.ActiveCfg = Release|x64
		{F9C22C96-6E04-428D-B3F9-3D49AC04CBB6}.Release|Any CPU.Build.0 = Release|x64
		{F9C22C96-6E04-428D-B3F9-3D49AC04CBB6}.Release|x64.ActiveCfg = Release|x64
		{F9C22C96-6E04-428D-B3F9-3D49AC04CBB6}.Release|x64.Build.0 = Release|x64
		{F9C22C96-6E04-428D-B3F9-3D49AC04CBB6}.Release|x64.Deploy.0 = Release|x64
		{F9C22C96-6E04-428D-B3F9-3D49AC04CBB6}.Release|x86.ActiveCfg = Release|x64
		{4C27D3E3-3F0C-479B-A9AB-2D9EBCE88503}.Debug|Any CPU.ActiveCfg = Debug|Any CPU
		{4C27D3E3-3F0C-479B-A9AB-2D9EBCE88503}.Debug|Any CPU.Build.0 = Debug|Any CPU
		{4C27D3E3-3F0C-479B-A9AB-2D9EBCE88503}.Debug|x64.ActiveCfg = Debug|Any CPU
		{4C27D3E3-3F0C-479B-A9AB-2D9EBCE88503}.Debug|x64.Build.0 = Debug|Any CPU
		{4C27D3E3-3F0C-479B-A9AB-2D9EBCE88503}.Debug|x86.ActiveCfg = Debug|Any CPU
		{4C27D3E3-3F0C-479B-A9AB-2D9EBCE88503}.Debug|x86.Build.0 = Debug|Any CPU
		{4C27D3E3-3F0C-479B-A9AB-2D9EBCE88503}.Release|Any CPU.ActiveCfg = Release|Any CPU
		{4C27D3E3-3F0C-479B-A9AB-2D9EBCE88503}.Release|Any CPU.Build.0 = Release|Any CPU
		{4C27D3E3-3F0C-479B-A9AB-2D9EBCE88503}.Release|x64.ActiveCfg = Release|Any CPU
		{4C27D3E3-3F0C-479B-A9AB-2D9EBCE88503}.Release|x64.Build.0 = Release|Any CPU
		{4C27D3E3-3F0C-479B-A9AB-2D9EBCE88503}.Release|x86.ActiveCfg = Release|Any CPU
		{4C27D3E3-3F0C-479B-A9AB-2D9EBCE88503}.Release|x86.Build.0 = Release|Any CPU
		{224E1B78-812F-4E1A-965D-2CB46AD83711}.Debug|Any CPU.ActiveCfg = Debug|Any CPU
		{224E1B78-812F-4E1A-965D-2CB46AD83711}.Debug|Any CPU.Build.0 = Debug|Any CPU
		{224E1B78-812F-4E1A-965D-2CB46AD83711}.Debug|x64.ActiveCfg = Debug|Any CPU
		{224E1B78-812F-4E1A-965D-2CB46AD83711}.Debug|x64.Build.0 = Debug|Any CPU
		{224E1B78-812F-4E1A-965D-2CB46AD83711}.Debug|x86.ActiveCfg = Debug|Any CPU
		{224E1B78-812F-4E1A-965D-2CB46AD83711}.Debug|x86.Build.0 = Debug|Any CPU
		{224E1B78-812F-4E1A-965D-2CB46AD83711}.Release|Any CPU.ActiveCfg = Release|Any CPU
		{224E1B78-812F-4E1A-965D-2CB46AD83711}.Release|Any CPU.Build.0 = Release|Any CPU
		{224E1B78-812F-4E1A-965D-2CB46AD83711}.Release|x64.ActiveCfg = Release|Any CPU
		{224E1B78-812F-4E1A-965D-2CB46AD83711}.Release|x64.Build.0 = Release|Any CPU
		{224E1B78-812F-4E1A-965D-2CB46AD83711}.Release|x86.ActiveCfg = Release|Any CPU
		{224E1B78-812F-4E1A-965D-2CB46AD83711}.Release|x86.Build.0 = Release|Any CPU
		{F017F709-6F02-4FFE-A4A4-5FE3EA720B4A}.Debug|Any CPU.ActiveCfg = Debug|Any CPU
		{F017F709-6F02-4FFE-A4A4-5FE3EA720B4A}.Debug|Any CPU.Build.0 = Debug|Any CPU
		{F017F709-6F02-4FFE-A4A4-5FE3EA720B4A}.Debug|x64.ActiveCfg = Debug|Any CPU
		{F017F709-6F02-4FFE-A4A4-5FE3EA720B4A}.Debug|x64.Build.0 = Debug|Any CPU
		{F017F709-6F02-4FFE-A4A4-5FE3EA720B4A}.Debug|x86.ActiveCfg = Debug|Any CPU
		{F017F709-6F02-4FFE-A4A4-5FE3EA720B4A}.Debug|x86.Build.0 = Debug|Any CPU
		{F017F709-6F02-4FFE-A4A4-5FE3EA720B4A}.Release|Any CPU.ActiveCfg = Release|Any CPU
		{F017F709-6F02-4FFE-A4A4-5FE3EA720B4A}.Release|Any CPU.Build.0 = Release|Any CPU
		{F017F709-6F02-4FFE-A4A4-5FE3EA720B4A}.Release|x64.ActiveCfg = Release|Any CPU
		{F017F709-6F02-4FFE-A4A4-5FE3EA720B4A}.Release|x64.Build.0 = Release|Any CPU
		{F017F709-6F02-4FFE-A4A4-5FE3EA720B4A}.Release|x86.ActiveCfg = Release|Any CPU
		{F017F709-6F02-4FFE-A4A4-5FE3EA720B4A}.Release|x86.Build.0 = Release|Any CPU
		{56A25499-1436-4694-8D62-30AFB69A8921}.Debug|Any CPU.ActiveCfg = Debug|Any CPU
		{56A25499-1436-4694-8D62-30AFB69A8921}.Debug|Any CPU.Build.0 = Debug|Any CPU
		{56A25499-1436-4694-8D62-30AFB69A8921}.Debug|x64.ActiveCfg = Debug|Any CPU
		{56A25499-1436-4694-8D62-30AFB69A8921}.Debug|x64.Build.0 = Debug|Any CPU
		{56A25499-1436-4694-8D62-30AFB69A8921}.Debug|x86.ActiveCfg = Debug|Any CPU
		{56A25499-1436-4694-8D62-30AFB69A8921}.Debug|x86.Build.0 = Debug|Any CPU
		{56A25499-1436-4694-8D62-30AFB69A8921}.Release|Any CPU.ActiveCfg = Release|Any CPU
		{56A25499-1436-4694-8D62-30AFB69A8921}.Release|Any CPU.Build.0 = Release|Any CPU
		{56A25499-1436-4694-8D62-30AFB69A8921}.Release|x64.ActiveCfg = Release|Any CPU
		{56A25499-1436-4694-8D62-30AFB69A8921}.Release|x64.Build.0 = Release|Any CPU
		{56A25499-1436-4694-8D62-30AFB69A8921}.Release|x86.ActiveCfg = Release|Any CPU
		{56A25499-1436-4694-8D62-30AFB69A8921}.Release|x86.Build.0 = Release|Any CPU
		{FE6E749D-9C95-4E7D-A0DB-EE288C5CA7BB}.Debug|Any CPU.ActiveCfg = Debug|Any CPU
		{FE6E749D-9C95-4E7D-A0DB-EE288C5CA7BB}.Debug|Any CPU.Build.0 = Debug|Any CPU
		{FE6E749D-9C95-4E7D-A0DB-EE288C5CA7BB}.Debug|x64.ActiveCfg = Debug|Any CPU
		{FE6E749D-9C95-4E7D-A0DB-EE288C5CA7BB}.Debug|x64.Build.0 = Debug|Any CPU
		{FE6E749D-9C95-4E7D-A0DB-EE288C5CA7BB}.Debug|x86.ActiveCfg = Debug|Any CPU
		{FE6E749D-9C95-4E7D-A0DB-EE288C5CA7BB}.Debug|x86.Build.0 = Debug|Any CPU
		{FE6E749D-9C95-4E7D-A0DB-EE288C5CA7BB}.Release|Any CPU.ActiveCfg = Release|Any CPU
		{FE6E749D-9C95-4E7D-A0DB-EE288C5CA7BB}.Release|Any CPU.Build.0 = Release|Any CPU
		{FE6E749D-9C95-4E7D-A0DB-EE288C5CA7BB}.Release|x64.ActiveCfg = Release|Any CPU
		{FE6E749D-9C95-4E7D-A0DB-EE288C5CA7BB}.Release|x64.Build.0 = Release|Any CPU
		{FE6E749D-9C95-4E7D-A0DB-EE288C5CA7BB}.Release|x86.ActiveCfg = Release|Any CPU
		{FE6E749D-9C95-4E7D-A0DB-EE288C5CA7BB}.Release|x86.Build.0 = Release|Any CPU
		{574719D7-D038-4184-848D-02DEEAD60017}.Debug|Any CPU.ActiveCfg = Debug|Any CPU
		{574719D7-D038-4184-848D-02DEEAD60017}.Debug|Any CPU.Build.0 = Debug|Any CPU
		{574719D7-D038-4184-848D-02DEEAD60017}.Debug|x64.ActiveCfg = Debug|Any CPU
		{574719D7-D038-4184-848D-02DEEAD60017}.Debug|x64.Build.0 = Debug|Any CPU
		{574719D7-D038-4184-848D-02DEEAD60017}.Debug|x86.ActiveCfg = Debug|Any CPU
		{574719D7-D038-4184-848D-02DEEAD60017}.Debug|x86.Build.0 = Debug|Any CPU
		{574719D7-D038-4184-848D-02DEEAD60017}.Release|Any CPU.ActiveCfg = Release|Any CPU
		{574719D7-D038-4184-848D-02DEEAD60017}.Release|Any CPU.Build.0 = Release|Any CPU
		{574719D7-D038-4184-848D-02DEEAD60017}.Release|x64.ActiveCfg = Release|Any CPU
		{574719D7-D038-4184-848D-02DEEAD60017}.Release|x64.Build.0 = Release|Any CPU
		{574719D7-D038-4184-848D-02DEEAD60017}.Release|x86.ActiveCfg = Release|Any CPU
		{574719D7-D038-4184-848D-02DEEAD60017}.Release|x86.Build.0 = Release|Any CPU
		{4CDCFCAA-4B1E-47B7-B6F0-81FFA69BD131}.Debug|Any CPU.ActiveCfg = Debug|Any CPU
		{4CDCFCAA-4B1E-47B7-B6F0-81FFA69BD131}.Debug|Any CPU.Build.0 = Debug|Any CPU
		{4CDCFCAA-4B1E-47B7-B6F0-81FFA69BD131}.Debug|x64.ActiveCfg = Debug|Any CPU
		{4CDCFCAA-4B1E-47B7-B6F0-81FFA69BD131}.Debug|x64.Build.0 = Debug|Any CPU
		{4CDCFCAA-4B1E-47B7-B6F0-81FFA69BD131}.Debug|x86.ActiveCfg = Debug|Any CPU
		{4CDCFCAA-4B1E-47B7-B6F0-81FFA69BD131}.Debug|x86.Build.0 = Debug|Any CPU
		{4CDCFCAA-4B1E-47B7-B6F0-81FFA69BD131}.Release|Any CPU.ActiveCfg = Release|Any CPU
		{4CDCFCAA-4B1E-47B7-B6F0-81FFA69BD131}.Release|Any CPU.Build.0 = Release|Any CPU
		{4CDCFCAA-4B1E-47B7-B6F0-81FFA69BD131}.Release|x64.ActiveCfg = Release|Any CPU
		{4CDCFCAA-4B1E-47B7-B6F0-81FFA69BD131}.Release|x64.Build.0 = Release|Any CPU
		{4CDCFCAA-4B1E-47B7-B6F0-81FFA69BD131}.Release|x86.ActiveCfg = Release|Any CPU
		{4CDCFCAA-4B1E-47B7-B6F0-81FFA69BD131}.Release|x86.Build.0 = Release|Any CPU
		{98D0FA73-B49F-4D2F-B9F0-6191E0430B62}.Debug|Any CPU.ActiveCfg = Debug|Any CPU
		{98D0FA73-B49F-4D2F-B9F0-6191E0430B62}.Debug|Any CPU.Build.0 = Debug|Any CPU
		{98D0FA73-B49F-4D2F-B9F0-6191E0430B62}.Debug|x64.ActiveCfg = Debug|Any CPU
		{98D0FA73-B49F-4D2F-B9F0-6191E0430B62}.Debug|x64.Build.0 = Debug|Any CPU
		{98D0FA73-B49F-4D2F-B9F0-6191E0430B62}.Debug|x86.ActiveCfg = Debug|Any CPU
		{98D0FA73-B49F-4D2F-B9F0-6191E0430B62}.Debug|x86.Build.0 = Debug|Any CPU
		{98D0FA73-B49F-4D2F-B9F0-6191E0430B62}.Release|Any CPU.ActiveCfg = Release|Any CPU
		{98D0FA73-B49F-4D2F-B9F0-6191E0430B62}.Release|Any CPU.Build.0 = Release|Any CPU
		{98D0FA73-B49F-4D2F-B9F0-6191E0430B62}.Release|x64.ActiveCfg = Release|Any CPU
		{98D0FA73-B49F-4D2F-B9F0-6191E0430B62}.Release|x64.Build.0 = Release|Any CPU
		{98D0FA73-B49F-4D2F-B9F0-6191E0430B62}.Release|x86.ActiveCfg = Release|Any CPU
		{98D0FA73-B49F-4D2F-B9F0-6191E0430B62}.Release|x86.Build.0 = Release|Any CPU
		{45B1D693-0AD6-4739-82EB-A7EAFF657CE3}.Debug|Any CPU.ActiveCfg = Debug|Any CPU
		{45B1D693-0AD6-4739-82EB-A7EAFF657CE3}.Debug|Any CPU.Build.0 = Debug|Any CPU
		{45B1D693-0AD6-4739-82EB-A7EAFF657CE3}.Debug|x64.ActiveCfg = Debug|Any CPU
		{45B1D693-0AD6-4739-82EB-A7EAFF657CE3}.Debug|x64.Build.0 = Debug|Any CPU
		{45B1D693-0AD6-4739-82EB-A7EAFF657CE3}.Debug|x86.ActiveCfg = Debug|Any CPU
		{45B1D693-0AD6-4739-82EB-A7EAFF657CE3}.Debug|x86.Build.0 = Debug|Any CPU
		{45B1D693-0AD6-4739-82EB-A7EAFF657CE3}.Release|Any CPU.ActiveCfg = Release|Any CPU
		{45B1D693-0AD6-4739-82EB-A7EAFF657CE3}.Release|Any CPU.Build.0 = Release|Any CPU
		{45B1D693-0AD6-4739-82EB-A7EAFF657CE3}.Release|x64.ActiveCfg = Release|Any CPU
		{45B1D693-0AD6-4739-82EB-A7EAFF657CE3}.Release|x64.Build.0 = Release|Any CPU
		{45B1D693-0AD6-4739-82EB-A7EAFF657CE3}.Release|x86.ActiveCfg = Release|Any CPU
		{45B1D693-0AD6-4739-82EB-A7EAFF657CE3}.Release|x86.Build.0 = Release|Any CPU
		{50913F38-8D84-428F-AD8F-BB0904EC66E9}.Debug|Any CPU.ActiveCfg = Debug|Any CPU
		{50913F38-8D84-428F-AD8F-BB0904EC66E9}.Debug|Any CPU.Build.0 = Debug|Any CPU
		{50913F38-8D84-428F-AD8F-BB0904EC66E9}.Debug|x64.ActiveCfg = Debug|Any CPU
		{50913F38-8D84-428F-AD8F-BB0904EC66E9}.Debug|x64.Build.0 = Debug|Any CPU
		{50913F38-8D84-428F-AD8F-BB0904EC66E9}.Debug|x86.ActiveCfg = Debug|Any CPU
		{50913F38-8D84-428F-AD8F-BB0904EC66E9}.Debug|x86.Build.0 = Debug|Any CPU
		{50913F38-8D84-428F-AD8F-BB0904EC66E9}.Release|Any CPU.ActiveCfg = Release|Any CPU
		{50913F38-8D84-428F-AD8F-BB0904EC66E9}.Release|Any CPU.Build.0 = Release|Any CPU
		{50913F38-8D84-428F-AD8F-BB0904EC66E9}.Release|x64.ActiveCfg = Release|Any CPU
		{50913F38-8D84-428F-AD8F-BB0904EC66E9}.Release|x64.Build.0 = Release|Any CPU
		{50913F38-8D84-428F-AD8F-BB0904EC66E9}.Release|x86.ActiveCfg = Release|Any CPU
		{50913F38-8D84-428F-AD8F-BB0904EC66E9}.Release|x86.Build.0 = Release|Any CPU
		{0D7A312A-D3A5-4219-A023-25B0668BA191}.Debug|Any CPU.ActiveCfg = Debug|Any CPU
		{0D7A312A-D3A5-4219-A023-25B0668BA191}.Debug|Any CPU.Build.0 = Debug|Any CPU
		{0D7A312A-D3A5-4219-A023-25B0668BA191}.Debug|x64.ActiveCfg = Debug|Any CPU
		{0D7A312A-D3A5-4219-A023-25B0668BA191}.Debug|x64.Build.0 = Debug|Any CPU
		{0D7A312A-D3A5-4219-A023-25B0668BA191}.Debug|x86.ActiveCfg = Debug|Any CPU
		{0D7A312A-D3A5-4219-A023-25B0668BA191}.Debug|x86.Build.0 = Debug|Any CPU
		{0D7A312A-D3A5-4219-A023-25B0668BA191}.Release|Any CPU.ActiveCfg = Release|Any CPU
		{0D7A312A-D3A5-4219-A023-25B0668BA191}.Release|Any CPU.Build.0 = Release|Any CPU
		{0D7A312A-D3A5-4219-A023-25B0668BA191}.Release|x64.ActiveCfg = Release|Any CPU
		{0D7A312A-D3A5-4219-A023-25B0668BA191}.Release|x64.Build.0 = Release|Any CPU
		{0D7A312A-D3A5-4219-A023-25B0668BA191}.Release|x86.ActiveCfg = Release|Any CPU
		{0D7A312A-D3A5-4219-A023-25B0668BA191}.Release|x86.Build.0 = Release|Any CPU
		{A2B7789F-0CDF-4209-9DB9-164497E3C891}.Debug|Any CPU.ActiveCfg = Debug|Any CPU
		{A2B7789F-0CDF-4209-9DB9-164497E3C891}.Debug|Any CPU.Build.0 = Debug|Any CPU
		{A2B7789F-0CDF-4209-9DB9-164497E3C891}.Debug|x64.ActiveCfg = Debug|Any CPU
		{A2B7789F-0CDF-4209-9DB9-164497E3C891}.Debug|x64.Build.0 = Debug|Any CPU
		{A2B7789F-0CDF-4209-9DB9-164497E3C891}.Debug|x86.ActiveCfg = Debug|Any CPU
		{A2B7789F-0CDF-4209-9DB9-164497E3C891}.Debug|x86.Build.0 = Debug|Any CPU
		{A2B7789F-0CDF-4209-9DB9-164497E3C891}.Release|Any CPU.ActiveCfg = Release|Any CPU
		{A2B7789F-0CDF-4209-9DB9-164497E3C891}.Release|Any CPU.Build.0 = Release|Any CPU
		{A2B7789F-0CDF-4209-9DB9-164497E3C891}.Release|x64.ActiveCfg = Release|Any CPU
		{A2B7789F-0CDF-4209-9DB9-164497E3C891}.Release|x64.Build.0 = Release|Any CPU
		{A2B7789F-0CDF-4209-9DB9-164497E3C891}.Release|x86.ActiveCfg = Release|Any CPU
		{A2B7789F-0CDF-4209-9DB9-164497E3C891}.Release|x86.Build.0 = Release|Any CPU
		{0F3B5969-0890-441A-8A3A-6F9E07F92645}.Debug|Any CPU.ActiveCfg = Debug|Any CPU
		{0F3B5969-0890-441A-8A3A-6F9E07F92645}.Debug|Any CPU.Build.0 = Debug|Any CPU
		{0F3B5969-0890-441A-8A3A-6F9E07F92645}.Debug|x64.ActiveCfg = Debug|Any CPU
		{0F3B5969-0890-441A-8A3A-6F9E07F92645}.Debug|x64.Build.0 = Debug|Any CPU
		{0F3B5969-0890-441A-8A3A-6F9E07F92645}.Debug|x86.ActiveCfg = Debug|Any CPU
		{0F3B5969-0890-441A-8A3A-6F9E07F92645}.Debug|x86.Build.0 = Debug|Any CPU
		{0F3B5969-0890-441A-8A3A-6F9E07F92645}.Release|Any CPU.ActiveCfg = Release|Any CPU
		{0F3B5969-0890-441A-8A3A-6F9E07F92645}.Release|Any CPU.Build.0 = Release|Any CPU
		{0F3B5969-0890-441A-8A3A-6F9E07F92645}.Release|x64.ActiveCfg = Release|Any CPU
		{0F3B5969-0890-441A-8A3A-6F9E07F92645}.Release|x64.Build.0 = Release|Any CPU
		{0F3B5969-0890-441A-8A3A-6F9E07F92645}.Release|x86.ActiveCfg = Release|Any CPU
		{0F3B5969-0890-441A-8A3A-6F9E07F92645}.Release|x86.Build.0 = Release|Any CPU
		{5C7B6C2F-9173-4729-9BEC-A7B055312D5F}.Debug|Any CPU.ActiveCfg = Debug|Any CPU
		{5C7B6C2F-9173-4729-9BEC-A7B055312D5F}.Debug|Any CPU.Build.0 = Debug|Any CPU
		{5C7B6C2F-9173-4729-9BEC-A7B055312D5F}.Debug|x64.ActiveCfg = Debug|Any CPU
		{5C7B6C2F-9173-4729-9BEC-A7B055312D5F}.Debug|x64.Build.0 = Debug|Any CPU
		{5C7B6C2F-9173-4729-9BEC-A7B055312D5F}.Debug|x86.ActiveCfg = Debug|Any CPU
		{5C7B6C2F-9173-4729-9BEC-A7B055312D5F}.Debug|x86.Build.0 = Debug|Any CPU
		{5C7B6C2F-9173-4729-9BEC-A7B055312D5F}.Release|Any CPU.ActiveCfg = Release|Any CPU
		{5C7B6C2F-9173-4729-9BEC-A7B055312D5F}.Release|Any CPU.Build.0 = Release|Any CPU
		{5C7B6C2F-9173-4729-9BEC-A7B055312D5F}.Release|x64.ActiveCfg = Release|Any CPU
		{5C7B6C2F-9173-4729-9BEC-A7B055312D5F}.Release|x64.Build.0 = Release|Any CPU
		{5C7B6C2F-9173-4729-9BEC-A7B055312D5F}.Release|x86.ActiveCfg = Release|Any CPU
		{5C7B6C2F-9173-4729-9BEC-A7B055312D5F}.Release|x86.Build.0 = Release|Any CPU
		{7D7E290E-7A94-4F7B-AA05-27156C4A3CAC}.Debug|Any CPU.ActiveCfg = Debug|Any CPU
		{7D7E290E-7A94-4F7B-AA05-27156C4A3CAC}.Debug|Any CPU.Build.0 = Debug|Any CPU
		{7D7E290E-7A94-4F7B-AA05-27156C4A3CAC}.Debug|x64.ActiveCfg = Debug|Any CPU
		{7D7E290E-7A94-4F7B-AA05-27156C4A3CAC}.Debug|x64.Build.0 = Debug|Any CPU
		{7D7E290E-7A94-4F7B-AA05-27156C4A3CAC}.Debug|x86.ActiveCfg = Debug|Any CPU
		{7D7E290E-7A94-4F7B-AA05-27156C4A3CAC}.Debug|x86.Build.0 = Debug|Any CPU
		{7D7E290E-7A94-4F7B-AA05-27156C4A3CAC}.Release|Any CPU.ActiveCfg = Release|Any CPU
		{7D7E290E-7A94-4F7B-AA05-27156C4A3CAC}.Release|Any CPU.Build.0 = Release|Any CPU
		{7D7E290E-7A94-4F7B-AA05-27156C4A3CAC}.Release|x64.ActiveCfg = Release|Any CPU
		{7D7E290E-7A94-4F7B-AA05-27156C4A3CAC}.Release|x64.Build.0 = Release|Any CPU
		{7D7E290E-7A94-4F7B-AA05-27156C4A3CAC}.Release|x86.ActiveCfg = Release|Any CPU
		{7D7E290E-7A94-4F7B-AA05-27156C4A3CAC}.Release|x86.Build.0 = Release|Any CPU
		{72D673DF-6D05-4501-B7E5-921D424A46C4}.Debug|Any CPU.ActiveCfg = Debug|Any CPU
		{72D673DF-6D05-4501-B7E5-921D424A46C4}.Debug|Any CPU.Build.0 = Debug|Any CPU
		{72D673DF-6D05-4501-B7E5-921D424A46C4}.Debug|x64.ActiveCfg = Debug|Any CPU
		{72D673DF-6D05-4501-B7E5-921D424A46C4}.Debug|x64.Build.0 = Debug|Any CPU
		{72D673DF-6D05-4501-B7E5-921D424A46C4}.Debug|x86.ActiveCfg = Debug|Any CPU
		{72D673DF-6D05-4501-B7E5-921D424A46C4}.Debug|x86.Build.0 = Debug|Any CPU
		{72D673DF-6D05-4501-B7E5-921D424A46C4}.Release|Any CPU.ActiveCfg = Release|Any CPU
		{72D673DF-6D05-4501-B7E5-921D424A46C4}.Release|Any CPU.Build.0 = Release|Any CPU
		{72D673DF-6D05-4501-B7E5-921D424A46C4}.Release|x64.ActiveCfg = Release|Any CPU
		{72D673DF-6D05-4501-B7E5-921D424A46C4}.Release|x64.Build.0 = Release|Any CPU
		{72D673DF-6D05-4501-B7E5-921D424A46C4}.Release|x86.ActiveCfg = Release|Any CPU
		{72D673DF-6D05-4501-B7E5-921D424A46C4}.Release|x86.Build.0 = Release|Any CPU
		{93D3662A-65AB-4010-AA96-22AA54F56416}.Debug|Any CPU.ActiveCfg = Debug|Any CPU
		{93D3662A-65AB-4010-AA96-22AA54F56416}.Debug|Any CPU.Build.0 = Debug|Any CPU
		{93D3662A-65AB-4010-AA96-22AA54F56416}.Debug|x64.ActiveCfg = Debug|Any CPU
		{93D3662A-65AB-4010-AA96-22AA54F56416}.Debug|x64.Build.0 = Debug|Any CPU
		{93D3662A-65AB-4010-AA96-22AA54F56416}.Debug|x86.ActiveCfg = Debug|Any CPU
		{93D3662A-65AB-4010-AA96-22AA54F56416}.Debug|x86.Build.0 = Debug|Any CPU
		{93D3662A-65AB-4010-AA96-22AA54F56416}.Release|Any CPU.ActiveCfg = Release|Any CPU
		{93D3662A-65AB-4010-AA96-22AA54F56416}.Release|Any CPU.Build.0 = Release|Any CPU
		{93D3662A-65AB-4010-AA96-22AA54F56416}.Release|x64.ActiveCfg = Release|Any CPU
		{93D3662A-65AB-4010-AA96-22AA54F56416}.Release|x64.Build.0 = Release|Any CPU
		{93D3662A-65AB-4010-AA96-22AA54F56416}.Release|x86.ActiveCfg = Release|Any CPU
		{93D3662A-65AB-4010-AA96-22AA54F56416}.Release|x86.Build.0 = Release|Any CPU
		{C7E8C999-F8AE-427D-B748-6BCF7202B476}.Debug|Any CPU.ActiveCfg = Debug|Any CPU
		{C7E8C999-F8AE-427D-B748-6BCF7202B476}.Debug|Any CPU.Build.0 = Debug|Any CPU
		{C7E8C999-F8AE-427D-B748-6BCF7202B476}.Debug|x64.ActiveCfg = Debug|Any CPU
		{C7E8C999-F8AE-427D-B748-6BCF7202B476}.Debug|x64.Build.0 = Debug|Any CPU
		{C7E8C999-F8AE-427D-B748-6BCF7202B476}.Debug|x86.ActiveCfg = Debug|Any CPU
		{C7E8C999-F8AE-427D-B748-6BCF7202B476}.Debug|x86.Build.0 = Debug|Any CPU
		{C7E8C999-F8AE-427D-B748-6BCF7202B476}.Release|Any CPU.ActiveCfg = Release|Any CPU
		{C7E8C999-F8AE-427D-B748-6BCF7202B476}.Release|Any CPU.Build.0 = Release|Any CPU
		{C7E8C999-F8AE-427D-B748-6BCF7202B476}.Release|x64.ActiveCfg = Release|Any CPU
		{C7E8C999-F8AE-427D-B748-6BCF7202B476}.Release|x64.Build.0 = Release|Any CPU
		{C7E8C999-F8AE-427D-B748-6BCF7202B476}.Release|x86.ActiveCfg = Release|Any CPU
		{C7E8C999-F8AE-427D-B748-6BCF7202B476}.Release|x86.Build.0 = Release|Any CPU
		{AD4D66B9-6CAB-4729-A5D1-57A859E06801}.Debug|Any CPU.ActiveCfg = Debug|Any CPU
		{AD4D66B9-6CAB-4729-A5D1-57A859E06801}.Debug|Any CPU.Build.0 = Debug|Any CPU
		{AD4D66B9-6CAB-4729-A5D1-57A859E06801}.Debug|x64.ActiveCfg = Debug|Any CPU
		{AD4D66B9-6CAB-4729-A5D1-57A859E06801}.Debug|x64.Build.0 = Debug|Any CPU
		{AD4D66B9-6CAB-4729-A5D1-57A859E06801}.Debug|x86.ActiveCfg = Debug|Any CPU
		{AD4D66B9-6CAB-4729-A5D1-57A859E06801}.Debug|x86.Build.0 = Debug|Any CPU
		{AD4D66B9-6CAB-4729-A5D1-57A859E06801}.Release|Any CPU.ActiveCfg = Release|Any CPU
		{AD4D66B9-6CAB-4729-A5D1-57A859E06801}.Release|Any CPU.Build.0 = Release|Any CPU
		{AD4D66B9-6CAB-4729-A5D1-57A859E06801}.Release|x64.ActiveCfg = Release|Any CPU
		{AD4D66B9-6CAB-4729-A5D1-57A859E06801}.Release|x64.Build.0 = Release|Any CPU
		{AD4D66B9-6CAB-4729-A5D1-57A859E06801}.Release|x86.ActiveCfg = Release|Any CPU
		{AD4D66B9-6CAB-4729-A5D1-57A859E06801}.Release|x86.Build.0 = Release|Any CPU
		{2C7D3A7A-26E2-4A9D-97D6-9AF3812F6906}.Debug|Any CPU.ActiveCfg = Debug|Any CPU
		{2C7D3A7A-26E2-4A9D-97D6-9AF3812F6906}.Debug|Any CPU.Build.0 = Debug|Any CPU
		{2C7D3A7A-26E2-4A9D-97D6-9AF3812F6906}.Debug|x64.ActiveCfg = Debug|Any CPU
		{2C7D3A7A-26E2-4A9D-97D6-9AF3812F6906}.Debug|x64.Build.0 = Debug|Any CPU
		{2C7D3A7A-26E2-4A9D-97D6-9AF3812F6906}.Debug|x86.ActiveCfg = Debug|Any CPU
		{2C7D3A7A-26E2-4A9D-97D6-9AF3812F6906}.Debug|x86.Build.0 = Debug|Any CPU
		{2C7D3A7A-26E2-4A9D-97D6-9AF3812F6906}.Release|Any CPU.ActiveCfg = Release|Any CPU
		{2C7D3A7A-26E2-4A9D-97D6-9AF3812F6906}.Release|Any CPU.Build.0 = Release|Any CPU
		{2C7D3A7A-26E2-4A9D-97D6-9AF3812F6906}.Release|x64.ActiveCfg = Release|Any CPU
		{2C7D3A7A-26E2-4A9D-97D6-9AF3812F6906}.Release|x64.Build.0 = Release|Any CPU
		{2C7D3A7A-26E2-4A9D-97D6-9AF3812F6906}.Release|x86.ActiveCfg = Release|Any CPU
		{2C7D3A7A-26E2-4A9D-97D6-9AF3812F6906}.Release|x86.Build.0 = Release|Any CPU
		{6307FF01-47DB-4EE6-86FF-9E78D8832D37}.Debug|Any CPU.ActiveCfg = Debug|Any CPU
		{6307FF01-47DB-4EE6-86FF-9E78D8832D37}.Debug|Any CPU.Build.0 = Debug|Any CPU
		{6307FF01-47DB-4EE6-86FF-9E78D8832D37}.Debug|x64.ActiveCfg = Debug|Any CPU
		{6307FF01-47DB-4EE6-86FF-9E78D8832D37}.Debug|x64.Build.0 = Debug|Any CPU
		{6307FF01-47DB-4EE6-86FF-9E78D8832D37}.Debug|x86.ActiveCfg = Debug|Any CPU
		{6307FF01-47DB-4EE6-86FF-9E78D8832D37}.Debug|x86.Build.0 = Debug|Any CPU
		{6307FF01-47DB-4EE6-86FF-9E78D8832D37}.Release|Any CPU.ActiveCfg = Release|Any CPU
		{6307FF01-47DB-4EE6-86FF-9E78D8832D37}.Release|Any CPU.Build.0 = Release|Any CPU
		{6307FF01-47DB-4EE6-86FF-9E78D8832D37}.Release|x64.ActiveCfg = Release|Any CPU
		{6307FF01-47DB-4EE6-86FF-9E78D8832D37}.Release|x64.Build.0 = Release|Any CPU
		{6307FF01-47DB-4EE6-86FF-9E78D8832D37}.Release|x86.ActiveCfg = Release|Any CPU
		{6307FF01-47DB-4EE6-86FF-9E78D8832D37}.Release|x86.Build.0 = Release|Any CPU
		{2D72FBB5-9F29-40D5-9206-92A814DF47EC}.Debug|Any CPU.ActiveCfg = Debug|Any CPU
		{2D72FBB5-9F29-40D5-9206-92A814DF47EC}.Debug|Any CPU.Build.0 = Debug|Any CPU
		{2D72FBB5-9F29-40D5-9206-92A814DF47EC}.Debug|x64.ActiveCfg = Debug|Any CPU
		{2D72FBB5-9F29-40D5-9206-92A814DF47EC}.Debug|x64.Build.0 = Debug|Any CPU
		{2D72FBB5-9F29-40D5-9206-92A814DF47EC}.Debug|x86.ActiveCfg = Debug|Any CPU
		{2D72FBB5-9F29-40D5-9206-92A814DF47EC}.Debug|x86.Build.0 = Debug|Any CPU
		{2D72FBB5-9F29-40D5-9206-92A814DF47EC}.Release|Any CPU.ActiveCfg = Release|Any CPU
		{2D72FBB5-9F29-40D5-9206-92A814DF47EC}.Release|Any CPU.Build.0 = Release|Any CPU
		{2D72FBB5-9F29-40D5-9206-92A814DF47EC}.Release|x64.ActiveCfg = Release|Any CPU
		{2D72FBB5-9F29-40D5-9206-92A814DF47EC}.Release|x64.Build.0 = Release|Any CPU
		{2D72FBB5-9F29-40D5-9206-92A814DF47EC}.Release|x86.ActiveCfg = Release|Any CPU
		{2D72FBB5-9F29-40D5-9206-92A814DF47EC}.Release|x86.Build.0 = Release|Any CPU
		{B6A55DC4-18E2-4B1B-AE7E-9B80F2ADC048}.Debug|Any CPU.ActiveCfg = Debug|Any CPU
		{B6A55DC4-18E2-4B1B-AE7E-9B80F2ADC048}.Debug|Any CPU.Build.0 = Debug|Any CPU
		{B6A55DC4-18E2-4B1B-AE7E-9B80F2ADC048}.Debug|x64.ActiveCfg = Debug|Any CPU
		{B6A55DC4-18E2-4B1B-AE7E-9B80F2ADC048}.Debug|x64.Build.0 = Debug|Any CPU
		{B6A55DC4-18E2-4B1B-AE7E-9B80F2ADC048}.Debug|x86.ActiveCfg = Debug|Any CPU
		{B6A55DC4-18E2-4B1B-AE7E-9B80F2ADC048}.Debug|x86.Build.0 = Debug|Any CPU
		{B6A55DC4-18E2-4B1B-AE7E-9B80F2ADC048}.Release|Any CPU.ActiveCfg = Release|Any CPU
		{B6A55DC4-18E2-4B1B-AE7E-9B80F2ADC048}.Release|Any CPU.Build.0 = Release|Any CPU
		{B6A55DC4-18E2-4B1B-AE7E-9B80F2ADC048}.Release|x64.ActiveCfg = Release|Any CPU
		{B6A55DC4-18E2-4B1B-AE7E-9B80F2ADC048}.Release|x64.Build.0 = Release|Any CPU
		{B6A55DC4-18E2-4B1B-AE7E-9B80F2ADC048}.Release|x86.ActiveCfg = Release|Any CPU
		{B6A55DC4-18E2-4B1B-AE7E-9B80F2ADC048}.Release|x86.Build.0 = Release|Any CPU
		{B9BA1250-C36F-4390-AAB2-D1A7A67889FD}.Debug|Any CPU.ActiveCfg = Debug|Any CPU
		{B9BA1250-C36F-4390-AAB2-D1A7A67889FD}.Debug|Any CPU.Build.0 = Debug|Any CPU
		{B9BA1250-C36F-4390-AAB2-D1A7A67889FD}.Debug|x64.ActiveCfg = Debug|Any CPU
		{B9BA1250-C36F-4390-AAB2-D1A7A67889FD}.Debug|x64.Build.0 = Debug|Any CPU
		{B9BA1250-C36F-4390-AAB2-D1A7A67889FD}.Debug|x86.ActiveCfg = Debug|Any CPU
		{B9BA1250-C36F-4390-AAB2-D1A7A67889FD}.Debug|x86.Build.0 = Debug|Any CPU
		{B9BA1250-C36F-4390-AAB2-D1A7A67889FD}.Release|Any CPU.ActiveCfg = Release|Any CPU
		{B9BA1250-C36F-4390-AAB2-D1A7A67889FD}.Release|Any CPU.Build.0 = Release|Any CPU
		{B9BA1250-C36F-4390-AAB2-D1A7A67889FD}.Release|x64.ActiveCfg = Release|Any CPU
		{B9BA1250-C36F-4390-AAB2-D1A7A67889FD}.Release|x64.Build.0 = Release|Any CPU
		{B9BA1250-C36F-4390-AAB2-D1A7A67889FD}.Release|x86.ActiveCfg = Release|Any CPU
		{B9BA1250-C36F-4390-AAB2-D1A7A67889FD}.Release|x86.Build.0 = Release|Any CPU
	EndGlobalSection
	GlobalSection(SolutionProperties) = preSolution
		HideSolutionNode = FALSE
	EndGlobalSection
	GlobalSection(NestedProjects) = preSolution
		{E12938B4-45A0-43E7-B569-873BFF08679A} = {AE791E26-78E1-4936-BCF4-1BF5152CBBD6}
		{B56B670C-6E16-46D0-8B61-D6AD3B5A2BB7} = {AE791E26-78E1-4936-BCF4-1BF5152CBBD6}
		{D2643A28-9B31-4321-ADD3-69819C877865} = {AE791E26-78E1-4936-BCF4-1BF5152CBBD6}
		{7AF105AA-BD88-48EF-B565-E23BBF131D82} = {AE791E26-78E1-4936-BCF4-1BF5152CBBD6}
		{CBE5BE25-B3DE-4B73-AED5-644B7F752545} = {AE791E26-78E1-4936-BCF4-1BF5152CBBD6}
		{A89A17DE-2012-4CB0-83D2-128B297A7C05} = {AE791E26-78E1-4936-BCF4-1BF5152CBBD6}
		{1FB787F0-9AB6-44AC-801E-4274A37693A3} = {AE791E26-78E1-4936-BCF4-1BF5152CBBD6}
		{1B8FF228-FE29-4963-8306-0BCBDD8073C3} = {AE791E26-78E1-4936-BCF4-1BF5152CBBD6}
		{7D3FE978-4FFA-41EE-8A0A-1030AC471EF5} = {AE791E26-78E1-4936-BCF4-1BF5152CBBD6}
		{F36F9656-35D1-4B39-A812-25ED2E91F350} = {AE791E26-78E1-4936-BCF4-1BF5152CBBD6}
		{EDF632B3-48E2-43FD-B014-79CDED8F4240} = {AE791E26-78E1-4936-BCF4-1BF5152CBBD6}
		{C1678663-FB29-4D54-980E-00090785073D} = {AE791E26-78E1-4936-BCF4-1BF5152CBBD6}
		{01C47D1E-5EBD-484A-B317-B8FC86707E6E} = {AE791E26-78E1-4936-BCF4-1BF5152CBBD6}
		{37D70EEA-9621-44EB-921A-5D303917F851} = {AE791E26-78E1-4936-BCF4-1BF5152CBBD6}
		{7D66C883-C833-4BBC-82E5-5B2766DC719F} = {AE791E26-78E1-4936-BCF4-1BF5152CBBD6}
		{93F066A5-A2D8-4926-A255-81077AEE5972} = {AE791E26-78E1-4936-BCF4-1BF5152CBBD6}
		{423EDB52-F832-4AE9-B85F-7F427056940A} = {AE791E26-78E1-4936-BCF4-1BF5152CBBD6}
		{F9C22C96-6E04-428D-B3F9-3D49AC04CBB6} = {0D9FE592-7EB7-4CEE-95E8-3379B98041C6}
		{4C27D3E3-3F0C-479B-A9AB-2D9EBCE88503} = {0D9FE592-7EB7-4CEE-95E8-3379B98041C6}
		{224E1B78-812F-4E1A-965D-2CB46AD83711} = {FB572E03-6F42-4262-ABB6-9D481E3647D6}
		{F017F709-6F02-4FFE-A4A4-5FE3EA720B4A} = {FB572E03-6F42-4262-ABB6-9D481E3647D6}
		{FE6E749D-9C95-4E7D-A0DB-EE288C5CA7BB} = {FB572E03-6F42-4262-ABB6-9D481E3647D6}
		{574719D7-D038-4184-848D-02DEEAD60017} = {AE791E26-78E1-4936-BCF4-1BF5152CBBD6}
		{4CDCFCAA-4B1E-47B7-B6F0-81FFA69BD131} = {FB572E03-6F42-4262-ABB6-9D481E3647D6}
		{939DD755-B5FC-46EF-AE8B-5073DA6D4490} = {F92E1B5C-26D4-4244-A4F9-41E22BA8E1CE}
		{98D0FA73-B49F-4D2F-B9F0-6191E0430B62} = {15F78FA5-5BA0-4416-B244-7DD5160843A0}
		{45B1D693-0AD6-4739-82EB-A7EAFF657CE3} = {15F78FA5-5BA0-4416-B244-7DD5160843A0}
		{50913F38-8D84-428F-AD8F-BB0904EC66E9} = {15F78FA5-5BA0-4416-B244-7DD5160843A0}
		{0D7A312A-D3A5-4219-A023-25B0668BA191} = {09C0DC50-2819-48D1-A7B6-ADC9C99EE226}
		{A2B7789F-0CDF-4209-9DB9-164497E3C891} = {09C0DC50-2819-48D1-A7B6-ADC9C99EE226}
		{0F3B5969-0890-441A-8A3A-6F9E07F92645} = {09C0DC50-2819-48D1-A7B6-ADC9C99EE226}
		{5C7B6C2F-9173-4729-9BEC-A7B055312D5F} = {AE791E26-78E1-4936-BCF4-1BF5152CBBD6}
		{7D7E290E-7A94-4F7B-AA05-27156C4A3CAC} = {AE791E26-78E1-4936-BCF4-1BF5152CBBD6}
		{93D3662A-65AB-4010-AA96-22AA54F56416} = {AE791E26-78E1-4936-BCF4-1BF5152CBBD6}
		{C7E8C999-F8AE-427D-B748-6BCF7202B476} = {AE791E26-78E1-4936-BCF4-1BF5152CBBD6}
		{AD4D66B9-6CAB-4729-A5D1-57A859E06801} = {AE791E26-78E1-4936-BCF4-1BF5152CBBD6}
		{2C7D3A7A-26E2-4A9D-97D6-9AF3812F6906} = {FB572E03-6F42-4262-ABB6-9D481E3647D6}
		{B6A55DC4-18E2-4B1B-AE7E-9B80F2ADC048} = {FB572E03-6F42-4262-ABB6-9D481E3647D6}
		{B9BA1250-C36F-4390-AAB2-D1A7A67889FD} = {0D9FE592-7EB7-4CEE-95E8-3379B98041C6}
	EndGlobalSection
	GlobalSection(ExtensibilityGlobals) = postSolution
		SolutionGuid = {32B9C883-432E-4FC8-A1BF-090EB033DD5B}
	EndGlobalSection
EndGlobal
