
Microsoft Visual Studio Solution File, Format Version 12.00
# Visual Studio Version 17
VisualStudioVersion = 17.0.31808.319
MinimumVisualStudioVersion = 10.0.40219.1
Project("{2150E333-8FDC-42A3-9474-1A3956D46DE8}") = "Maestro", "Maestro", "{AE791E26-78E1-4936-BCF4-1BF5152CBBD6}"
EndProject
Project("{9A19103F-16F7-4668-BE54-9A1E7A4F7556}") = "Maestro.Web", "src\Maestro\Maestro.Web\Maestro.Web.csproj", "{E12938B4-45A0-43E7-B569-873BFF08679A}"
EndProject
Project("{9A19103F-16F7-4668-BE54-9A1E7A4F7556}") = "Microsoft.DotNet.Maestro.Client", "src\Maestro\Client\src\Microsoft.DotNet.Maestro.Client.csproj", "{CBE5BE25-B3DE-4B73-AED5-644B7F752545}"
EndProject
Project("{9A19103F-16F7-4668-BE54-9A1E7A4F7556}") = "Maestro.Data", "src\Maestro\Maestro.Data\Maestro.Data.csproj", "{1FB787F0-9AB6-44AC-801E-4274A37693A3}"
EndProject
Project("{9A19103F-16F7-4668-BE54-9A1E7A4F7556}") = "Maestro.Contracts", "src\Maestro\Maestro.Contracts\Maestro.Contracts.csproj", "{1B8FF228-FE29-4963-8306-0BCBDD8073C3}"
EndProject
Project("{9A19103F-16F7-4668-BE54-9A1E7A4F7556}") = "DependencyUpdater", "src\Maestro\DependencyUpdater\DependencyUpdater.csproj", "{7D3FE978-4FFA-41EE-8A0A-1030AC471EF5}"
EndProject
Project("{9A19103F-16F7-4668-BE54-9A1E7A4F7556}") = "SubscriptionActorService", "src\Maestro\SubscriptionActorService\SubscriptionActorService.csproj", "{EDF632B3-48E2-43FD-B014-79CDED8F4240}"
EndProject
Project("{9A19103F-16F7-4668-BE54-9A1E7A4F7556}") = "Maestro.MergePolicies", "src\Maestro\Maestro.MergePolicies\Maestro.MergePolicies.csproj", "{37D70EEA-9621-44EB-921A-5D303917F851}"
EndProject
Project("{A07B5EB6-E848-4116-A8D0-A826331D98C6}") = "MaestroApplication", "src\Maestro\MaestroApplication\MaestroApplication.sfproj", "{93F066A5-A2D8-4926-A255-81077AEE5972}"
EndProject
Project("{9A19103F-16F7-4668-BE54-9A1E7A4F7556}") = "Maestro.AzureDevOps", "src\Maestro\Maestro.AzureDevOps\Maestro.AzureDevOps.csproj", "{423EDB52-F832-4AE9-B85F-7F427056940A}"
EndProject
Project("{2150E333-8FDC-42A3-9474-1A3956D46DE8}") = "Solution Items", "Solution Items", "{C9012867-A5A4-464F-A104-99A8D6C97DAF}"
	ProjectSection(SolutionItems) = preProject
		.editorconfig = .editorconfig
		azure-pipelines.yml = azure-pipelines.yml
		Build.cmd = Build.cmd
		build.sh = build.sh
		eng\CodeCoverage.runsettings = eng\CodeCoverage.runsettings
		Directory.Build.props = Directory.Build.props
		Directory.Build.targets = Directory.Build.targets
		Directory.Packages.props = Directory.Packages.props
		global.json = global.json
		eng\Versions.props = eng\Versions.props
	EndProjectSection
EndProject
Project("{2150E333-8FDC-42A3-9474-1A3956D46DE8}") = "Validation", "Validation", "{F92E1B5C-26D4-4244-A4F9-41E22BA8E1CE}"
EndProject
Project("{2150E333-8FDC-42A3-9474-1A3956D46DE8}") = "Scenarios", "Scenarios", "{939DD755-B5FC-46EF-AE8B-5073DA6D4490}"
	ProjectSection(SolutionItems) = preProject
		src\Maestro\tests\Scenarios\all.ps1 = src\Maestro\tests\Scenarios\all.ps1
		src\Maestro\tests\Scenarios\arcade-update.ps1 = src\Maestro\tests\Scenarios\arcade-update.ps1
		src\Maestro\tests\Scenarios\azdoflow-batched.ps1 = src\Maestro\tests\Scenarios\azdoflow-batched.ps1
		src\Maestro\tests\Scenarios\azdoflow-feedflow.ps1 = src\Maestro\tests\Scenarios\azdoflow-feedflow.ps1
		src\Maestro\tests\Scenarios\azdoflow-nonbatched-all-checks-successful.ps1 = src\Maestro\tests\Scenarios\azdoflow-nonbatched-all-checks-successful.ps1
		src\Maestro\tests\Scenarios\azdoflow-nonbatched.ps1 = src\Maestro\tests\Scenarios\azdoflow-nonbatched.ps1
		src\Maestro\tests\Scenarios\builds.ps1 = src\Maestro\tests\Scenarios\builds.ps1
		src\Maestro\tests\Scenarios\channels.ps1 = src\Maestro\tests\Scenarios\channels.ps1
		src\Maestro\tests\Scenarios\clone.ps1 = src\Maestro\tests\Scenarios\clone.ps1
		src\Maestro\tests\Scenarios\common.ps1 = src\Maestro\tests\Scenarios\common.ps1
		src\Maestro\tests\Scenarios\default-channels.ps1 = src\Maestro\tests\Scenarios\default-channels.ps1
		src\Maestro\tests\Scenarios\dependencies.ps1 = src\Maestro\tests\Scenarios\dependencies.ps1
		src\Maestro\tests\Scenarios\githubflow-batched.ps1 = src\Maestro\tests\Scenarios\githubflow-batched.ps1
		src\Maestro\tests\Scenarios\githubflow-nonbatched-all-checks-successful.ps1 = src\Maestro\tests\Scenarios\githubflow-nonbatched-all-checks-successful.ps1
		src\Maestro\tests\Scenarios\githubflow-nonbatched-with-coherency.ps1 = src\Maestro\tests\Scenarios\githubflow-nonbatched-with-coherency.ps1
		src\Maestro\tests\Scenarios\githubflow-nonbatched.ps1 = src\Maestro\tests\Scenarios\githubflow-nonbatched.ps1
		src\Maestro\tests\Scenarios\githubflow-release-pipeline-nonbatched.ps1 = src\Maestro\tests\Scenarios\githubflow-release-pipeline-nonbatched.ps1
		src\Maestro\tests\Scenarios\README.md = src\Maestro\tests\Scenarios\README.md
		src\Maestro\tests\Scenarios\repo-policies.ps1 = src\Maestro\tests\Scenarios\repo-policies.ps1
		src\Maestro\tests\Scenarios\subscriptions.ps1 = src\Maestro\tests\Scenarios\subscriptions.ps1
	EndProjectSection
EndProject
Project("{9A19103F-16F7-4668-BE54-9A1E7A4F7556}") = "DependencyUpdateErrorProcessor", "src\Maestro\DependencyUpdateErrorProcessor\DependencyUpdateErrorProcessor.csproj", "{7D7E290E-7A94-4F7B-AA05-27156C4A3CAC}"
EndProject
Project("{9A19103F-16F7-4668-BE54-9A1E7A4F7556}") = "FeedCleanerService", "src\Maestro\FeedCleanerService\FeedCleanerService.csproj", "{C7E8C999-F8AE-427D-B748-6BCF7202B476}"
EndProject
Project("{9A19103F-16F7-4668-BE54-9A1E7A4F7556}") = "Maestro.DataProviders", "src\Maestro\Maestro.DataProviders\Maestro.DataProviders.csproj", "{AD4D66B9-6CAB-4729-A5D1-57A859E06801}"
EndProject
Project("{2150E333-8FDC-42A3-9474-1A3956D46DE8}") = "Darc", "Darc", "{C0B90032-033F-4C3E-809F-BD3339E1E313}"
EndProject
Project("{9A19103F-16F7-4668-BE54-9A1E7A4F7556}") = "Maestro.MergePolicyEvaluation", "src\Maestro\Maestro.MergePolicyEvaluation\Maestro.MergePolicyEvaluation.csproj", "{D16DB73B-4EDF-4E61-9392-238CF3800DE2}"
EndProject
Project("{9A19103F-16F7-4668-BE54-9A1E7A4F7556}") = "MaestroCoreHealthMonitor", "src\Maestro\MaestroCoreHealthMonitor\MaestroCoreHealthMonitor.csproj", "{D0C0C883-C49E-43BD-9E0B-65C6656DB314}"
EndProject
Project("{9A19103F-16F7-4668-BE54-9A1E7A4F7556}") = "Microsoft.DotNet.Maestro.Tasks", "src\Maestro\Microsoft.DotNet.Maestro.Tasks\Microsoft.DotNet.Maestro.Tasks.csproj", "{DEABD6F6-9F9D-4395-9211-2AB82AF47565}"
EndProject
Project("{9A19103F-16F7-4668-BE54-9A1E7A4F7556}") = "Microsoft.DotNet.Darc", "src\Microsoft.DotNet.Darc\Darc\Microsoft.DotNet.Darc.csproj", "{5F9AF839-DB2A-4EFB-94A0-4DE3D4FCDC33}"
EndProject
Project("{9A19103F-16F7-4668-BE54-9A1E7A4F7556}") = "Microsoft.DotNet.DarcLib", "src\Microsoft.DotNet.Darc\DarcLib\Microsoft.DotNet.DarcLib.csproj", "{A5A48DE5-6577-4F7B-B1F9-39694A14325E}"
EndProject
Project("{9A19103F-16F7-4668-BE54-9A1E7A4F7556}") = "Microsoft.DotNet.DarcLib.AzDev", "src\Microsoft.DotNet.Darc\DarcLib.AzDev\Microsoft.DotNet.DarcLib.AzDev.csproj", "{208D23D4-979E-4BB3-82A8-8875B7F8E40B}"
EndProject
Project("{2150E333-8FDC-42A3-9474-1A3956D46DE8}") = "src", "src", "{D4718FE8-B3EA-4543-A424-315E649A4F70}"
EndProject
Project("{2150E333-8FDC-42A3-9474-1A3956D46DE8}") = "test", "test", "{1A456CF0-C09A-4DE6-89CE-1110EED31180}"
EndProject
Project("{9A19103F-16F7-4668-BE54-9A1E7A4F7556}") = "Microsoft.DotNet.DarcLib.Tests", "test\Microsoft.DotNet.DarcLib.Tests\Microsoft.DotNet.DarcLib.Tests.csproj", "{6F7DE404-687A-4E0F-B1C3-87AA9D614148}"
EndProject
Project("{9A19103F-16F7-4668-BE54-9A1E7A4F7556}") = "Microsoft.DotNet.Darc.VirtualMonoRepo.E2E.Tests", "test\Microsoft.DotNet.Darc.VirtualMonoRepo.E2E.Tests\Microsoft.DotNet.Darc.VirtualMonoRepo.E2E.Tests.csproj", "{02959294-F47F-437B-8482-A0E6DC3FBD27}"
EndProject
Project("{9A19103F-16F7-4668-BE54-9A1E7A4F7556}") = "Microsoft.DotNet.Darc.Tests", "test\Microsoft.DotNet.Darc.Tests\Microsoft.DotNet.Darc.Tests.csproj", "{A1C84AC6-8E21-4B6B-AB82-D17D01D3B0DC}"
EndProject
Project("{9A19103F-16F7-4668-BE54-9A1E7A4F7556}") = "Maestro.Data.Tests", "test\Maestro.Data.Tests\Maestro.Data.Tests.csproj", "{0BB9EE0F-7EDA-4875-AE72-9A2C3C65DEA3}"
EndProject
Project("{9A19103F-16F7-4668-BE54-9A1E7A4F7556}") = "Maestro.Web.Tests", "test\Maestro.Web.Tests\Maestro.Web.Tests.csproj", "{55831E51-933D-4091-87C0-6ECBEF1B6610}"
EndProject
Project("{9A19103F-16F7-4668-BE54-9A1E7A4F7556}") = "Microsoft.DotNet.Maestro.Tasks.Tests", "test\Microsoft.DotNet.Maestro.Tasks.Tests\Microsoft.DotNet.Maestro.Tasks.Tests.csproj", "{C6A9F0BA-8C45-44D6-A328-01DE776177DE}"
EndProject
Project("{9A19103F-16F7-4668-BE54-9A1E7A4F7556}") = "DependencyUpdater.Tests", "test\DependencyUpdater.Tests\DependencyUpdater.Tests.csproj", "{710FD16F-552D-4839-8AE5-B6CFEEEC290E}"
EndProject
Project("{9A19103F-16F7-4668-BE54-9A1E7A4F7556}") = "FeedCleanerService.Tests", "test\FeedCleaner.Tests\FeedCleanerService.Tests.csproj", "{336B68B7-5F7F-4281-9B90-2D82F32E4FD2}"
EndProject
Project("{9A19103F-16F7-4668-BE54-9A1E7A4F7556}") = "Maestro.ScenarioTests", "test\Maestro.ScenarioTests\Maestro.ScenarioTests.csproj", "{B396035E-E6C6-4199-A6C6-C1D9B8D401FD}"
EndProject
Project("{9A19103F-16F7-4668-BE54-9A1E7A4F7556}") = "SubscriptionActorService.Tests", "test\SubscriptionActorService.Tests\SubscriptionActorService.Tests.csproj", "{53AAB951-C3FB-44A0-A1FF-E74440400159}"
EndProject
Project("{9A19103F-16F7-4668-BE54-9A1E7A4F7556}") = "Maestro.ContainerApp", "src\Maestro\Maestro.ContainerApp\Maestro.ContainerApp.csproj", "{A13F91E1-4229-420B-82EC-C1DC0EF90B13}"
EndProject
Project("{E53339B2-1760-4266-BCC7-CA923CBCF16C}") = "docker-compose", "docker-compose.dcproj", "{DBE8C9A0-BD8A-4D58-9C55-4C22456A5F00}"
EndProject
Global
	GlobalSection(SolutionConfigurationPlatforms) = preSolution
		Debug|Any CPU = Debug|Any CPU
		Debug|x64 = Debug|x64
		Debug|x86 = Debug|x86
		Release|Any CPU = Release|Any CPU
		Release|x64 = Release|x64
		Release|x86 = Release|x86
	EndGlobalSection
	GlobalSection(ProjectConfigurationPlatforms) = postSolution
		{E12938B4-45A0-43E7-B569-873BFF08679A}.Debug|Any CPU.ActiveCfg = Debug|Any CPU
		{E12938B4-45A0-43E7-B569-873BFF08679A}.Debug|Any CPU.Build.0 = Debug|Any CPU
		{E12938B4-45A0-43E7-B569-873BFF08679A}.Debug|x64.ActiveCfg = Debug|Any CPU
		{E12938B4-45A0-43E7-B569-873BFF08679A}.Debug|x64.Build.0 = Debug|Any CPU
		{E12938B4-45A0-43E7-B569-873BFF08679A}.Debug|x86.ActiveCfg = Debug|Any CPU
		{E12938B4-45A0-43E7-B569-873BFF08679A}.Debug|x86.Build.0 = Debug|Any CPU
		{E12938B4-45A0-43E7-B569-873BFF08679A}.Release|Any CPU.ActiveCfg = Release|Any CPU
		{E12938B4-45A0-43E7-B569-873BFF08679A}.Release|Any CPU.Build.0 = Release|Any CPU
		{E12938B4-45A0-43E7-B569-873BFF08679A}.Release|x64.ActiveCfg = Release|Any CPU
		{E12938B4-45A0-43E7-B569-873BFF08679A}.Release|x64.Build.0 = Release|Any CPU
		{E12938B4-45A0-43E7-B569-873BFF08679A}.Release|x86.ActiveCfg = Release|Any CPU
		{E12938B4-45A0-43E7-B569-873BFF08679A}.Release|x86.Build.0 = Release|Any CPU
		{CBE5BE25-B3DE-4B73-AED5-644B7F752545}.Debug|Any CPU.ActiveCfg = Debug|Any CPU
		{CBE5BE25-B3DE-4B73-AED5-644B7F752545}.Debug|Any CPU.Build.0 = Debug|Any CPU
		{CBE5BE25-B3DE-4B73-AED5-644B7F752545}.Debug|x64.ActiveCfg = Debug|Any CPU
		{CBE5BE25-B3DE-4B73-AED5-644B7F752545}.Debug|x64.Build.0 = Debug|Any CPU
		{CBE5BE25-B3DE-4B73-AED5-644B7F752545}.Debug|x86.ActiveCfg = Debug|Any CPU
		{CBE5BE25-B3DE-4B73-AED5-644B7F752545}.Debug|x86.Build.0 = Debug|Any CPU
		{CBE5BE25-B3DE-4B73-AED5-644B7F752545}.Release|Any CPU.ActiveCfg = Release|Any CPU
		{CBE5BE25-B3DE-4B73-AED5-644B7F752545}.Release|Any CPU.Build.0 = Release|Any CPU
		{CBE5BE25-B3DE-4B73-AED5-644B7F752545}.Release|x64.ActiveCfg = Release|Any CPU
		{CBE5BE25-B3DE-4B73-AED5-644B7F752545}.Release|x64.Build.0 = Release|Any CPU
		{CBE5BE25-B3DE-4B73-AED5-644B7F752545}.Release|x86.ActiveCfg = Release|Any CPU
		{CBE5BE25-B3DE-4B73-AED5-644B7F752545}.Release|x86.Build.0 = Release|Any CPU
		{1FB787F0-9AB6-44AC-801E-4274A37693A3}.Debug|Any CPU.ActiveCfg = Debug|Any CPU
		{1FB787F0-9AB6-44AC-801E-4274A37693A3}.Debug|Any CPU.Build.0 = Debug|Any CPU
		{1FB787F0-9AB6-44AC-801E-4274A37693A3}.Debug|x64.ActiveCfg = Debug|Any CPU
		{1FB787F0-9AB6-44AC-801E-4274A37693A3}.Debug|x64.Build.0 = Debug|Any CPU
		{1FB787F0-9AB6-44AC-801E-4274A37693A3}.Debug|x86.ActiveCfg = Debug|Any CPU
		{1FB787F0-9AB6-44AC-801E-4274A37693A3}.Debug|x86.Build.0 = Debug|Any CPU
		{1FB787F0-9AB6-44AC-801E-4274A37693A3}.Release|Any CPU.ActiveCfg = Release|Any CPU
		{1FB787F0-9AB6-44AC-801E-4274A37693A3}.Release|Any CPU.Build.0 = Release|Any CPU
		{1FB787F0-9AB6-44AC-801E-4274A37693A3}.Release|x64.ActiveCfg = Release|Any CPU
		{1FB787F0-9AB6-44AC-801E-4274A37693A3}.Release|x64.Build.0 = Release|Any CPU
		{1FB787F0-9AB6-44AC-801E-4274A37693A3}.Release|x86.ActiveCfg = Release|Any CPU
		{1FB787F0-9AB6-44AC-801E-4274A37693A3}.Release|x86.Build.0 = Release|Any CPU
		{1B8FF228-FE29-4963-8306-0BCBDD8073C3}.Debug|Any CPU.ActiveCfg = Debug|Any CPU
		{1B8FF228-FE29-4963-8306-0BCBDD8073C3}.Debug|Any CPU.Build.0 = Debug|Any CPU
		{1B8FF228-FE29-4963-8306-0BCBDD8073C3}.Debug|x64.ActiveCfg = Debug|Any CPU
		{1B8FF228-FE29-4963-8306-0BCBDD8073C3}.Debug|x64.Build.0 = Debug|Any CPU
		{1B8FF228-FE29-4963-8306-0BCBDD8073C3}.Debug|x86.ActiveCfg = Debug|Any CPU
		{1B8FF228-FE29-4963-8306-0BCBDD8073C3}.Debug|x86.Build.0 = Debug|Any CPU
		{1B8FF228-FE29-4963-8306-0BCBDD8073C3}.Release|Any CPU.ActiveCfg = Release|Any CPU
		{1B8FF228-FE29-4963-8306-0BCBDD8073C3}.Release|Any CPU.Build.0 = Release|Any CPU
		{1B8FF228-FE29-4963-8306-0BCBDD8073C3}.Release|x64.ActiveCfg = Release|Any CPU
		{1B8FF228-FE29-4963-8306-0BCBDD8073C3}.Release|x64.Build.0 = Release|Any CPU
		{1B8FF228-FE29-4963-8306-0BCBDD8073C3}.Release|x86.ActiveCfg = Release|Any CPU
		{1B8FF228-FE29-4963-8306-0BCBDD8073C3}.Release|x86.Build.0 = Release|Any CPU
		{7D3FE978-4FFA-41EE-8A0A-1030AC471EF5}.Debug|Any CPU.ActiveCfg = Debug|Any CPU
		{7D3FE978-4FFA-41EE-8A0A-1030AC471EF5}.Debug|Any CPU.Build.0 = Debug|Any CPU
		{7D3FE978-4FFA-41EE-8A0A-1030AC471EF5}.Debug|x64.ActiveCfg = Debug|Any CPU
		{7D3FE978-4FFA-41EE-8A0A-1030AC471EF5}.Debug|x64.Build.0 = Debug|Any CPU
		{7D3FE978-4FFA-41EE-8A0A-1030AC471EF5}.Debug|x86.ActiveCfg = Debug|Any CPU
		{7D3FE978-4FFA-41EE-8A0A-1030AC471EF5}.Debug|x86.Build.0 = Debug|Any CPU
		{7D3FE978-4FFA-41EE-8A0A-1030AC471EF5}.Release|Any CPU.ActiveCfg = Release|Any CPU
		{7D3FE978-4FFA-41EE-8A0A-1030AC471EF5}.Release|Any CPU.Build.0 = Release|Any CPU
		{7D3FE978-4FFA-41EE-8A0A-1030AC471EF5}.Release|x64.ActiveCfg = Release|Any CPU
		{7D3FE978-4FFA-41EE-8A0A-1030AC471EF5}.Release|x64.Build.0 = Release|Any CPU
		{7D3FE978-4FFA-41EE-8A0A-1030AC471EF5}.Release|x86.ActiveCfg = Release|Any CPU
		{7D3FE978-4FFA-41EE-8A0A-1030AC471EF5}.Release|x86.Build.0 = Release|Any CPU
		{EDF632B3-48E2-43FD-B014-79CDED8F4240}.Debug|Any CPU.ActiveCfg = Debug|Any CPU
		{EDF632B3-48E2-43FD-B014-79CDED8F4240}.Debug|Any CPU.Build.0 = Debug|Any CPU
		{EDF632B3-48E2-43FD-B014-79CDED8F4240}.Debug|x64.ActiveCfg = Debug|Any CPU
		{EDF632B3-48E2-43FD-B014-79CDED8F4240}.Debug|x64.Build.0 = Debug|Any CPU
		{EDF632B3-48E2-43FD-B014-79CDED8F4240}.Debug|x86.ActiveCfg = Debug|Any CPU
		{EDF632B3-48E2-43FD-B014-79CDED8F4240}.Debug|x86.Build.0 = Debug|Any CPU
		{EDF632B3-48E2-43FD-B014-79CDED8F4240}.Release|Any CPU.ActiveCfg = Release|Any CPU
		{EDF632B3-48E2-43FD-B014-79CDED8F4240}.Release|Any CPU.Build.0 = Release|Any CPU
		{EDF632B3-48E2-43FD-B014-79CDED8F4240}.Release|x64.ActiveCfg = Release|Any CPU
		{EDF632B3-48E2-43FD-B014-79CDED8F4240}.Release|x64.Build.0 = Release|Any CPU
		{EDF632B3-48E2-43FD-B014-79CDED8F4240}.Release|x86.ActiveCfg = Release|Any CPU
		{EDF632B3-48E2-43FD-B014-79CDED8F4240}.Release|x86.Build.0 = Release|Any CPU
		{37D70EEA-9621-44EB-921A-5D303917F851}.Debug|Any CPU.ActiveCfg = Debug|Any CPU
		{37D70EEA-9621-44EB-921A-5D303917F851}.Debug|Any CPU.Build.0 = Debug|Any CPU
		{37D70EEA-9621-44EB-921A-5D303917F851}.Debug|x64.ActiveCfg = Debug|Any CPU
		{37D70EEA-9621-44EB-921A-5D303917F851}.Debug|x64.Build.0 = Debug|Any CPU
		{37D70EEA-9621-44EB-921A-5D303917F851}.Debug|x86.ActiveCfg = Debug|Any CPU
		{37D70EEA-9621-44EB-921A-5D303917F851}.Debug|x86.Build.0 = Debug|Any CPU
		{37D70EEA-9621-44EB-921A-5D303917F851}.Release|Any CPU.ActiveCfg = Release|Any CPU
		{37D70EEA-9621-44EB-921A-5D303917F851}.Release|Any CPU.Build.0 = Release|Any CPU
		{37D70EEA-9621-44EB-921A-5D303917F851}.Release|x64.ActiveCfg = Release|Any CPU
		{37D70EEA-9621-44EB-921A-5D303917F851}.Release|x64.Build.0 = Release|Any CPU
		{37D70EEA-9621-44EB-921A-5D303917F851}.Release|x86.ActiveCfg = Release|Any CPU
		{37D70EEA-9621-44EB-921A-5D303917F851}.Release|x86.Build.0 = Release|Any CPU
		{93F066A5-A2D8-4926-A255-81077AEE5972}.Debug|Any CPU.ActiveCfg = Debug|x64
		{93F066A5-A2D8-4926-A255-81077AEE5972}.Debug|Any CPU.Build.0 = Debug|x64
		{93F066A5-A2D8-4926-A255-81077AEE5972}.Debug|x64.ActiveCfg = Debug|x64
		{93F066A5-A2D8-4926-A255-81077AEE5972}.Debug|x64.Build.0 = Debug|x64
		{93F066A5-A2D8-4926-A255-81077AEE5972}.Debug|x64.Deploy.0 = Debug|x64
		{93F066A5-A2D8-4926-A255-81077AEE5972}.Debug|x86.ActiveCfg = Debug|x64
		{93F066A5-A2D8-4926-A255-81077AEE5972}.Release|Any CPU.ActiveCfg = Release|x64
		{93F066A5-A2D8-4926-A255-81077AEE5972}.Release|Any CPU.Build.0 = Release|x64
		{93F066A5-A2D8-4926-A255-81077AEE5972}.Release|x64.ActiveCfg = Release|x64
		{93F066A5-A2D8-4926-A255-81077AEE5972}.Release|x64.Build.0 = Release|x64
		{93F066A5-A2D8-4926-A255-81077AEE5972}.Release|x64.Deploy.0 = Release|x64
		{93F066A5-A2D8-4926-A255-81077AEE5972}.Release|x86.ActiveCfg = Release|x64
		{423EDB52-F832-4AE9-B85F-7F427056940A}.Debug|Any CPU.ActiveCfg = Debug|Any CPU
		{423EDB52-F832-4AE9-B85F-7F427056940A}.Debug|Any CPU.Build.0 = Debug|Any CPU
		{423EDB52-F832-4AE9-B85F-7F427056940A}.Debug|x64.ActiveCfg = Debug|Any CPU
		{423EDB52-F832-4AE9-B85F-7F427056940A}.Debug|x64.Build.0 = Debug|Any CPU
		{423EDB52-F832-4AE9-B85F-7F427056940A}.Debug|x86.ActiveCfg = Debug|Any CPU
		{423EDB52-F832-4AE9-B85F-7F427056940A}.Debug|x86.Build.0 = Debug|Any CPU
		{423EDB52-F832-4AE9-B85F-7F427056940A}.Release|Any CPU.ActiveCfg = Release|Any CPU
		{423EDB52-F832-4AE9-B85F-7F427056940A}.Release|Any CPU.Build.0 = Release|Any CPU
		{423EDB52-F832-4AE9-B85F-7F427056940A}.Release|x64.ActiveCfg = Release|Any CPU
		{423EDB52-F832-4AE9-B85F-7F427056940A}.Release|x64.Build.0 = Release|Any CPU
		{423EDB52-F832-4AE9-B85F-7F427056940A}.Release|x86.ActiveCfg = Release|Any CPU
		{423EDB52-F832-4AE9-B85F-7F427056940A}.Release|x86.Build.0 = Release|Any CPU
		{7D7E290E-7A94-4F7B-AA05-27156C4A3CAC}.Debug|Any CPU.ActiveCfg = Debug|Any CPU
		{7D7E290E-7A94-4F7B-AA05-27156C4A3CAC}.Debug|Any CPU.Build.0 = Debug|Any CPU
		{7D7E290E-7A94-4F7B-AA05-27156C4A3CAC}.Debug|x64.ActiveCfg = Debug|Any CPU
		{7D7E290E-7A94-4F7B-AA05-27156C4A3CAC}.Debug|x64.Build.0 = Debug|Any CPU
		{7D7E290E-7A94-4F7B-AA05-27156C4A3CAC}.Debug|x86.ActiveCfg = Debug|Any CPU
		{7D7E290E-7A94-4F7B-AA05-27156C4A3CAC}.Debug|x86.Build.0 = Debug|Any CPU
		{7D7E290E-7A94-4F7B-AA05-27156C4A3CAC}.Release|Any CPU.ActiveCfg = Release|Any CPU
		{7D7E290E-7A94-4F7B-AA05-27156C4A3CAC}.Release|Any CPU.Build.0 = Release|Any CPU
		{7D7E290E-7A94-4F7B-AA05-27156C4A3CAC}.Release|x64.ActiveCfg = Release|Any CPU
		{7D7E290E-7A94-4F7B-AA05-27156C4A3CAC}.Release|x64.Build.0 = Release|Any CPU
		{7D7E290E-7A94-4F7B-AA05-27156C4A3CAC}.Release|x86.ActiveCfg = Release|Any CPU
		{7D7E290E-7A94-4F7B-AA05-27156C4A3CAC}.Release|x86.Build.0 = Release|Any CPU
		{C7E8C999-F8AE-427D-B748-6BCF7202B476}.Debug|Any CPU.ActiveCfg = Debug|Any CPU
		{C7E8C999-F8AE-427D-B748-6BCF7202B476}.Debug|Any CPU.Build.0 = Debug|Any CPU
		{C7E8C999-F8AE-427D-B748-6BCF7202B476}.Debug|x64.ActiveCfg = Debug|Any CPU
		{C7E8C999-F8AE-427D-B748-6BCF7202B476}.Debug|x64.Build.0 = Debug|Any CPU
		{C7E8C999-F8AE-427D-B748-6BCF7202B476}.Debug|x86.ActiveCfg = Debug|Any CPU
		{C7E8C999-F8AE-427D-B748-6BCF7202B476}.Debug|x86.Build.0 = Debug|Any CPU
		{C7E8C999-F8AE-427D-B748-6BCF7202B476}.Release|Any CPU.ActiveCfg = Release|Any CPU
		{C7E8C999-F8AE-427D-B748-6BCF7202B476}.Release|Any CPU.Build.0 = Release|Any CPU
		{C7E8C999-F8AE-427D-B748-6BCF7202B476}.Release|x64.ActiveCfg = Release|Any CPU
		{C7E8C999-F8AE-427D-B748-6BCF7202B476}.Release|x64.Build.0 = Release|Any CPU
		{C7E8C999-F8AE-427D-B748-6BCF7202B476}.Release|x86.ActiveCfg = Release|Any CPU
		{C7E8C999-F8AE-427D-B748-6BCF7202B476}.Release|x86.Build.0 = Release|Any CPU
		{AD4D66B9-6CAB-4729-A5D1-57A859E06801}.Debug|Any CPU.ActiveCfg = Debug|Any CPU
		{AD4D66B9-6CAB-4729-A5D1-57A859E06801}.Debug|Any CPU.Build.0 = Debug|Any CPU
		{AD4D66B9-6CAB-4729-A5D1-57A859E06801}.Debug|x64.ActiveCfg = Debug|Any CPU
		{AD4D66B9-6CAB-4729-A5D1-57A859E06801}.Debug|x64.Build.0 = Debug|Any CPU
		{AD4D66B9-6CAB-4729-A5D1-57A859E06801}.Debug|x86.ActiveCfg = Debug|Any CPU
		{AD4D66B9-6CAB-4729-A5D1-57A859E06801}.Debug|x86.Build.0 = Debug|Any CPU
		{AD4D66B9-6CAB-4729-A5D1-57A859E06801}.Release|Any CPU.ActiveCfg = Release|Any CPU
		{AD4D66B9-6CAB-4729-A5D1-57A859E06801}.Release|Any CPU.Build.0 = Release|Any CPU
		{AD4D66B9-6CAB-4729-A5D1-57A859E06801}.Release|x64.ActiveCfg = Release|Any CPU
		{AD4D66B9-6CAB-4729-A5D1-57A859E06801}.Release|x64.Build.0 = Release|Any CPU
		{AD4D66B9-6CAB-4729-A5D1-57A859E06801}.Release|x86.ActiveCfg = Release|Any CPU
		{AD4D66B9-6CAB-4729-A5D1-57A859E06801}.Release|x86.Build.0 = Release|Any CPU
		{D16DB73B-4EDF-4E61-9392-238CF3800DE2}.Debug|Any CPU.ActiveCfg = Debug|Any CPU
		{D16DB73B-4EDF-4E61-9392-238CF3800DE2}.Debug|Any CPU.Build.0 = Debug|Any CPU
		{D16DB73B-4EDF-4E61-9392-238CF3800DE2}.Debug|x64.ActiveCfg = Debug|Any CPU
		{D16DB73B-4EDF-4E61-9392-238CF3800DE2}.Debug|x64.Build.0 = Debug|Any CPU
		{D16DB73B-4EDF-4E61-9392-238CF3800DE2}.Debug|x86.ActiveCfg = Debug|Any CPU
		{D16DB73B-4EDF-4E61-9392-238CF3800DE2}.Debug|x86.Build.0 = Debug|Any CPU
		{D16DB73B-4EDF-4E61-9392-238CF3800DE2}.Release|Any CPU.ActiveCfg = Release|Any CPU
		{D16DB73B-4EDF-4E61-9392-238CF3800DE2}.Release|Any CPU.Build.0 = Release|Any CPU
		{D16DB73B-4EDF-4E61-9392-238CF3800DE2}.Release|x64.ActiveCfg = Release|Any CPU
		{D16DB73B-4EDF-4E61-9392-238CF3800DE2}.Release|x64.Build.0 = Release|Any CPU
		{D16DB73B-4EDF-4E61-9392-238CF3800DE2}.Release|x86.ActiveCfg = Release|Any CPU
		{D16DB73B-4EDF-4E61-9392-238CF3800DE2}.Release|x86.Build.0 = Release|Any CPU
		{D0C0C883-C49E-43BD-9E0B-65C6656DB314}.Debug|Any CPU.ActiveCfg = Debug|Any CPU
		{D0C0C883-C49E-43BD-9E0B-65C6656DB314}.Debug|Any CPU.Build.0 = Debug|Any CPU
		{D0C0C883-C49E-43BD-9E0B-65C6656DB314}.Debug|x64.ActiveCfg = Debug|Any CPU
		{D0C0C883-C49E-43BD-9E0B-65C6656DB314}.Debug|x64.Build.0 = Debug|Any CPU
		{D0C0C883-C49E-43BD-9E0B-65C6656DB314}.Debug|x86.ActiveCfg = Debug|Any CPU
		{D0C0C883-C49E-43BD-9E0B-65C6656DB314}.Debug|x86.Build.0 = Debug|Any CPU
		{D0C0C883-C49E-43BD-9E0B-65C6656DB314}.Release|Any CPU.ActiveCfg = Release|Any CPU
		{D0C0C883-C49E-43BD-9E0B-65C6656DB314}.Release|Any CPU.Build.0 = Release|Any CPU
		{D0C0C883-C49E-43BD-9E0B-65C6656DB314}.Release|x64.ActiveCfg = Release|Any CPU
		{D0C0C883-C49E-43BD-9E0B-65C6656DB314}.Release|x64.Build.0 = Release|Any CPU
		{D0C0C883-C49E-43BD-9E0B-65C6656DB314}.Release|x86.ActiveCfg = Release|Any CPU
		{D0C0C883-C49E-43BD-9E0B-65C6656DB314}.Release|x86.Build.0 = Release|Any CPU
		{DEABD6F6-9F9D-4395-9211-2AB82AF47565}.Debug|Any CPU.ActiveCfg = Debug|Any CPU
		{DEABD6F6-9F9D-4395-9211-2AB82AF47565}.Debug|Any CPU.Build.0 = Debug|Any CPU
		{DEABD6F6-9F9D-4395-9211-2AB82AF47565}.Debug|x64.ActiveCfg = Debug|Any CPU
		{DEABD6F6-9F9D-4395-9211-2AB82AF47565}.Debug|x64.Build.0 = Debug|Any CPU
		{DEABD6F6-9F9D-4395-9211-2AB82AF47565}.Debug|x86.ActiveCfg = Debug|Any CPU
		{DEABD6F6-9F9D-4395-9211-2AB82AF47565}.Debug|x86.Build.0 = Debug|Any CPU
		{DEABD6F6-9F9D-4395-9211-2AB82AF47565}.Release|Any CPU.ActiveCfg = Release|Any CPU
		{DEABD6F6-9F9D-4395-9211-2AB82AF47565}.Release|Any CPU.Build.0 = Release|Any CPU
		{DEABD6F6-9F9D-4395-9211-2AB82AF47565}.Release|x64.ActiveCfg = Release|Any CPU
		{DEABD6F6-9F9D-4395-9211-2AB82AF47565}.Release|x64.Build.0 = Release|Any CPU
		{DEABD6F6-9F9D-4395-9211-2AB82AF47565}.Release|x86.ActiveCfg = Release|Any CPU
		{DEABD6F6-9F9D-4395-9211-2AB82AF47565}.Release|x86.Build.0 = Release|Any CPU
		{5F9AF839-DB2A-4EFB-94A0-4DE3D4FCDC33}.Debug|Any CPU.ActiveCfg = Debug|Any CPU
		{5F9AF839-DB2A-4EFB-94A0-4DE3D4FCDC33}.Debug|Any CPU.Build.0 = Debug|Any CPU
		{5F9AF839-DB2A-4EFB-94A0-4DE3D4FCDC33}.Debug|x64.ActiveCfg = Debug|Any CPU
		{5F9AF839-DB2A-4EFB-94A0-4DE3D4FCDC33}.Debug|x64.Build.0 = Debug|Any CPU
		{5F9AF839-DB2A-4EFB-94A0-4DE3D4FCDC33}.Debug|x86.ActiveCfg = Debug|Any CPU
		{5F9AF839-DB2A-4EFB-94A0-4DE3D4FCDC33}.Debug|x86.Build.0 = Debug|Any CPU
		{5F9AF839-DB2A-4EFB-94A0-4DE3D4FCDC33}.Release|Any CPU.ActiveCfg = Release|Any CPU
		{5F9AF839-DB2A-4EFB-94A0-4DE3D4FCDC33}.Release|Any CPU.Build.0 = Release|Any CPU
		{5F9AF839-DB2A-4EFB-94A0-4DE3D4FCDC33}.Release|x64.ActiveCfg = Release|Any CPU
		{5F9AF839-DB2A-4EFB-94A0-4DE3D4FCDC33}.Release|x64.Build.0 = Release|Any CPU
		{5F9AF839-DB2A-4EFB-94A0-4DE3D4FCDC33}.Release|x86.ActiveCfg = Release|Any CPU
		{5F9AF839-DB2A-4EFB-94A0-4DE3D4FCDC33}.Release|x86.Build.0 = Release|Any CPU
		{A5A48DE5-6577-4F7B-B1F9-39694A14325E}.Debug|Any CPU.ActiveCfg = Debug|Any CPU
		{A5A48DE5-6577-4F7B-B1F9-39694A14325E}.Debug|Any CPU.Build.0 = Debug|Any CPU
		{A5A48DE5-6577-4F7B-B1F9-39694A14325E}.Debug|x64.ActiveCfg = Debug|Any CPU
		{A5A48DE5-6577-4F7B-B1F9-39694A14325E}.Debug|x64.Build.0 = Debug|Any CPU
		{A5A48DE5-6577-4F7B-B1F9-39694A14325E}.Debug|x86.ActiveCfg = Debug|Any CPU
		{A5A48DE5-6577-4F7B-B1F9-39694A14325E}.Debug|x86.Build.0 = Debug|Any CPU
		{A5A48DE5-6577-4F7B-B1F9-39694A14325E}.Release|Any CPU.ActiveCfg = Release|Any CPU
		{A5A48DE5-6577-4F7B-B1F9-39694A14325E}.Release|Any CPU.Build.0 = Release|Any CPU
		{A5A48DE5-6577-4F7B-B1F9-39694A14325E}.Release|x64.ActiveCfg = Release|Any CPU
		{A5A48DE5-6577-4F7B-B1F9-39694A14325E}.Release|x64.Build.0 = Release|Any CPU
		{A5A48DE5-6577-4F7B-B1F9-39694A14325E}.Release|x86.ActiveCfg = Release|Any CPU
		{A5A48DE5-6577-4F7B-B1F9-39694A14325E}.Release|x86.Build.0 = Release|Any CPU
		{208D23D4-979E-4BB3-82A8-8875B7F8E40B}.Debug|Any CPU.ActiveCfg = Debug|Any CPU
		{208D23D4-979E-4BB3-82A8-8875B7F8E40B}.Debug|Any CPU.Build.0 = Debug|Any CPU
		{208D23D4-979E-4BB3-82A8-8875B7F8E40B}.Debug|x64.ActiveCfg = Debug|Any CPU
		{208D23D4-979E-4BB3-82A8-8875B7F8E40B}.Debug|x64.Build.0 = Debug|Any CPU
		{208D23D4-979E-4BB3-82A8-8875B7F8E40B}.Debug|x86.ActiveCfg = Debug|Any CPU
		{208D23D4-979E-4BB3-82A8-8875B7F8E40B}.Debug|x86.Build.0 = Debug|Any CPU
		{208D23D4-979E-4BB3-82A8-8875B7F8E40B}.Release|Any CPU.ActiveCfg = Release|Any CPU
		{208D23D4-979E-4BB3-82A8-8875B7F8E40B}.Release|Any CPU.Build.0 = Release|Any CPU
		{208D23D4-979E-4BB3-82A8-8875B7F8E40B}.Release|x64.ActiveCfg = Release|Any CPU
		{208D23D4-979E-4BB3-82A8-8875B7F8E40B}.Release|x64.Build.0 = Release|Any CPU
		{208D23D4-979E-4BB3-82A8-8875B7F8E40B}.Release|x86.ActiveCfg = Release|Any CPU
		{208D23D4-979E-4BB3-82A8-8875B7F8E40B}.Release|x86.Build.0 = Release|Any CPU
		{6F7DE404-687A-4E0F-B1C3-87AA9D614148}.Debug|Any CPU.ActiveCfg = Debug|Any CPU
		{6F7DE404-687A-4E0F-B1C3-87AA9D614148}.Debug|Any CPU.Build.0 = Debug|Any CPU
		{6F7DE404-687A-4E0F-B1C3-87AA9D614148}.Debug|x64.ActiveCfg = Debug|Any CPU
		{6F7DE404-687A-4E0F-B1C3-87AA9D614148}.Debug|x64.Build.0 = Debug|Any CPU
		{6F7DE404-687A-4E0F-B1C3-87AA9D614148}.Debug|x86.ActiveCfg = Debug|Any CPU
		{6F7DE404-687A-4E0F-B1C3-87AA9D614148}.Debug|x86.Build.0 = Debug|Any CPU
		{6F7DE404-687A-4E0F-B1C3-87AA9D614148}.Release|Any CPU.ActiveCfg = Release|Any CPU
		{6F7DE404-687A-4E0F-B1C3-87AA9D614148}.Release|Any CPU.Build.0 = Release|Any CPU
		{6F7DE404-687A-4E0F-B1C3-87AA9D614148}.Release|x64.ActiveCfg = Release|Any CPU
		{6F7DE404-687A-4E0F-B1C3-87AA9D614148}.Release|x64.Build.0 = Release|Any CPU
		{6F7DE404-687A-4E0F-B1C3-87AA9D614148}.Release|x86.ActiveCfg = Release|Any CPU
		{6F7DE404-687A-4E0F-B1C3-87AA9D614148}.Release|x86.Build.0 = Release|Any CPU
		{02959294-F47F-437B-8482-A0E6DC3FBD27}.Debug|Any CPU.ActiveCfg = Debug|Any CPU
		{02959294-F47F-437B-8482-A0E6DC3FBD27}.Debug|Any CPU.Build.0 = Debug|Any CPU
		{02959294-F47F-437B-8482-A0E6DC3FBD27}.Debug|x64.ActiveCfg = Debug|Any CPU
		{02959294-F47F-437B-8482-A0E6DC3FBD27}.Debug|x64.Build.0 = Debug|Any CPU
		{02959294-F47F-437B-8482-A0E6DC3FBD27}.Debug|x86.ActiveCfg = Debug|Any CPU
		{02959294-F47F-437B-8482-A0E6DC3FBD27}.Debug|x86.Build.0 = Debug|Any CPU
		{02959294-F47F-437B-8482-A0E6DC3FBD27}.Release|Any CPU.ActiveCfg = Release|Any CPU
		{02959294-F47F-437B-8482-A0E6DC3FBD27}.Release|Any CPU.Build.0 = Release|Any CPU
		{02959294-F47F-437B-8482-A0E6DC3FBD27}.Release|x64.ActiveCfg = Release|Any CPU
		{02959294-F47F-437B-8482-A0E6DC3FBD27}.Release|x64.Build.0 = Release|Any CPU
		{02959294-F47F-437B-8482-A0E6DC3FBD27}.Release|x86.ActiveCfg = Release|Any CPU
		{02959294-F47F-437B-8482-A0E6DC3FBD27}.Release|x86.Build.0 = Release|Any CPU
		{A1C84AC6-8E21-4B6B-AB82-D17D01D3B0DC}.Debug|Any CPU.ActiveCfg = Debug|Any CPU
		{A1C84AC6-8E21-4B6B-AB82-D17D01D3B0DC}.Debug|Any CPU.Build.0 = Debug|Any CPU
		{A1C84AC6-8E21-4B6B-AB82-D17D01D3B0DC}.Debug|x64.ActiveCfg = Debug|Any CPU
		{A1C84AC6-8E21-4B6B-AB82-D17D01D3B0DC}.Debug|x64.Build.0 = Debug|Any CPU
		{A1C84AC6-8E21-4B6B-AB82-D17D01D3B0DC}.Debug|x86.ActiveCfg = Debug|Any CPU
		{A1C84AC6-8E21-4B6B-AB82-D17D01D3B0DC}.Debug|x86.Build.0 = Debug|Any CPU
		{A1C84AC6-8E21-4B6B-AB82-D17D01D3B0DC}.Release|Any CPU.ActiveCfg = Release|Any CPU
		{A1C84AC6-8E21-4B6B-AB82-D17D01D3B0DC}.Release|Any CPU.Build.0 = Release|Any CPU
		{A1C84AC6-8E21-4B6B-AB82-D17D01D3B0DC}.Release|x64.ActiveCfg = Release|Any CPU
		{A1C84AC6-8E21-4B6B-AB82-D17D01D3B0DC}.Release|x64.Build.0 = Release|Any CPU
		{A1C84AC6-8E21-4B6B-AB82-D17D01D3B0DC}.Release|x86.ActiveCfg = Release|Any CPU
		{A1C84AC6-8E21-4B6B-AB82-D17D01D3B0DC}.Release|x86.Build.0 = Release|Any CPU
		{0BB9EE0F-7EDA-4875-AE72-9A2C3C65DEA3}.Debug|Any CPU.ActiveCfg = Debug|Any CPU
		{0BB9EE0F-7EDA-4875-AE72-9A2C3C65DEA3}.Debug|Any CPU.Build.0 = Debug|Any CPU
		{0BB9EE0F-7EDA-4875-AE72-9A2C3C65DEA3}.Debug|x64.ActiveCfg = Debug|Any CPU
		{0BB9EE0F-7EDA-4875-AE72-9A2C3C65DEA3}.Debug|x64.Build.0 = Debug|Any CPU
		{0BB9EE0F-7EDA-4875-AE72-9A2C3C65DEA3}.Debug|x86.ActiveCfg = Debug|Any CPU
		{0BB9EE0F-7EDA-4875-AE72-9A2C3C65DEA3}.Debug|x86.Build.0 = Debug|Any CPU
		{0BB9EE0F-7EDA-4875-AE72-9A2C3C65DEA3}.Release|Any CPU.ActiveCfg = Release|Any CPU
		{0BB9EE0F-7EDA-4875-AE72-9A2C3C65DEA3}.Release|Any CPU.Build.0 = Release|Any CPU
		{0BB9EE0F-7EDA-4875-AE72-9A2C3C65DEA3}.Release|x64.ActiveCfg = Release|Any CPU
		{0BB9EE0F-7EDA-4875-AE72-9A2C3C65DEA3}.Release|x64.Build.0 = Release|Any CPU
		{0BB9EE0F-7EDA-4875-AE72-9A2C3C65DEA3}.Release|x86.ActiveCfg = Release|Any CPU
		{0BB9EE0F-7EDA-4875-AE72-9A2C3C65DEA3}.Release|x86.Build.0 = Release|Any CPU
		{55831E51-933D-4091-87C0-6ECBEF1B6610}.Debug|Any CPU.ActiveCfg = Debug|Any CPU
		{55831E51-933D-4091-87C0-6ECBEF1B6610}.Debug|Any CPU.Build.0 = Debug|Any CPU
		{55831E51-933D-4091-87C0-6ECBEF1B6610}.Debug|x64.ActiveCfg = Debug|Any CPU
		{55831E51-933D-4091-87C0-6ECBEF1B6610}.Debug|x64.Build.0 = Debug|Any CPU
		{55831E51-933D-4091-87C0-6ECBEF1B6610}.Debug|x86.ActiveCfg = Debug|Any CPU
		{55831E51-933D-4091-87C0-6ECBEF1B6610}.Debug|x86.Build.0 = Debug|Any CPU
		{55831E51-933D-4091-87C0-6ECBEF1B6610}.Release|Any CPU.ActiveCfg = Release|Any CPU
		{55831E51-933D-4091-87C0-6ECBEF1B6610}.Release|Any CPU.Build.0 = Release|Any CPU
		{55831E51-933D-4091-87C0-6ECBEF1B6610}.Release|x64.ActiveCfg = Release|Any CPU
		{55831E51-933D-4091-87C0-6ECBEF1B6610}.Release|x64.Build.0 = Release|Any CPU
		{55831E51-933D-4091-87C0-6ECBEF1B6610}.Release|x86.ActiveCfg = Release|Any CPU
		{55831E51-933D-4091-87C0-6ECBEF1B6610}.Release|x86.Build.0 = Release|Any CPU
		{C6A9F0BA-8C45-44D6-A328-01DE776177DE}.Debug|Any CPU.ActiveCfg = Debug|Any CPU
		{C6A9F0BA-8C45-44D6-A328-01DE776177DE}.Debug|Any CPU.Build.0 = Debug|Any CPU
		{C6A9F0BA-8C45-44D6-A328-01DE776177DE}.Debug|x64.ActiveCfg = Debug|Any CPU
		{C6A9F0BA-8C45-44D6-A328-01DE776177DE}.Debug|x64.Build.0 = Debug|Any CPU
		{C6A9F0BA-8C45-44D6-A328-01DE776177DE}.Debug|x86.ActiveCfg = Debug|Any CPU
		{C6A9F0BA-8C45-44D6-A328-01DE776177DE}.Debug|x86.Build.0 = Debug|Any CPU
		{C6A9F0BA-8C45-44D6-A328-01DE776177DE}.Release|Any CPU.ActiveCfg = Release|Any CPU
		{C6A9F0BA-8C45-44D6-A328-01DE776177DE}.Release|Any CPU.Build.0 = Release|Any CPU
		{C6A9F0BA-8C45-44D6-A328-01DE776177DE}.Release|x64.ActiveCfg = Release|Any CPU
		{C6A9F0BA-8C45-44D6-A328-01DE776177DE}.Release|x64.Build.0 = Release|Any CPU
		{C6A9F0BA-8C45-44D6-A328-01DE776177DE}.Release|x86.ActiveCfg = Release|Any CPU
		{C6A9F0BA-8C45-44D6-A328-01DE776177DE}.Release|x86.Build.0 = Release|Any CPU
		{710FD16F-552D-4839-8AE5-B6CFEEEC290E}.Debug|Any CPU.ActiveCfg = Debug|Any CPU
		{710FD16F-552D-4839-8AE5-B6CFEEEC290E}.Debug|Any CPU.Build.0 = Debug|Any CPU
		{710FD16F-552D-4839-8AE5-B6CFEEEC290E}.Debug|x64.ActiveCfg = Debug|Any CPU
		{710FD16F-552D-4839-8AE5-B6CFEEEC290E}.Debug|x64.Build.0 = Debug|Any CPU
		{710FD16F-552D-4839-8AE5-B6CFEEEC290E}.Debug|x86.ActiveCfg = Debug|Any CPU
		{710FD16F-552D-4839-8AE5-B6CFEEEC290E}.Debug|x86.Build.0 = Debug|Any CPU
		{710FD16F-552D-4839-8AE5-B6CFEEEC290E}.Release|Any CPU.ActiveCfg = Release|Any CPU
		{710FD16F-552D-4839-8AE5-B6CFEEEC290E}.Release|Any CPU.Build.0 = Release|Any CPU
		{710FD16F-552D-4839-8AE5-B6CFEEEC290E}.Release|x64.ActiveCfg = Release|Any CPU
		{710FD16F-552D-4839-8AE5-B6CFEEEC290E}.Release|x64.Build.0 = Release|Any CPU
		{710FD16F-552D-4839-8AE5-B6CFEEEC290E}.Release|x86.ActiveCfg = Release|Any CPU
		{710FD16F-552D-4839-8AE5-B6CFEEEC290E}.Release|x86.Build.0 = Release|Any CPU
		{336B68B7-5F7F-4281-9B90-2D82F32E4FD2}.Debug|Any CPU.ActiveCfg = Debug|Any CPU
		{336B68B7-5F7F-4281-9B90-2D82F32E4FD2}.Debug|Any CPU.Build.0 = Debug|Any CPU
		{336B68B7-5F7F-4281-9B90-2D82F32E4FD2}.Debug|x64.ActiveCfg = Debug|Any CPU
		{336B68B7-5F7F-4281-9B90-2D82F32E4FD2}.Debug|x64.Build.0 = Debug|Any CPU
		{336B68B7-5F7F-4281-9B90-2D82F32E4FD2}.Debug|x86.ActiveCfg = Debug|Any CPU
		{336B68B7-5F7F-4281-9B90-2D82F32E4FD2}.Debug|x86.Build.0 = Debug|Any CPU
		{336B68B7-5F7F-4281-9B90-2D82F32E4FD2}.Release|Any CPU.ActiveCfg = Release|Any CPU
		{336B68B7-5F7F-4281-9B90-2D82F32E4FD2}.Release|Any CPU.Build.0 = Release|Any CPU
		{336B68B7-5F7F-4281-9B90-2D82F32E4FD2}.Release|x64.ActiveCfg = Release|Any CPU
		{336B68B7-5F7F-4281-9B90-2D82F32E4FD2}.Release|x64.Build.0 = Release|Any CPU
		{336B68B7-5F7F-4281-9B90-2D82F32E4FD2}.Release|x86.ActiveCfg = Release|Any CPU
		{336B68B7-5F7F-4281-9B90-2D82F32E4FD2}.Release|x86.Build.0 = Release|Any CPU
		{B396035E-E6C6-4199-A6C6-C1D9B8D401FD}.Debug|Any CPU.ActiveCfg = Debug|Any CPU
		{B396035E-E6C6-4199-A6C6-C1D9B8D401FD}.Debug|Any CPU.Build.0 = Debug|Any CPU
		{B396035E-E6C6-4199-A6C6-C1D9B8D401FD}.Debug|x64.ActiveCfg = Debug|Any CPU
		{B396035E-E6C6-4199-A6C6-C1D9B8D401FD}.Debug|x64.Build.0 = Debug|Any CPU
		{B396035E-E6C6-4199-A6C6-C1D9B8D401FD}.Debug|x86.ActiveCfg = Debug|Any CPU
		{B396035E-E6C6-4199-A6C6-C1D9B8D401FD}.Debug|x86.Build.0 = Debug|Any CPU
		{B396035E-E6C6-4199-A6C6-C1D9B8D401FD}.Release|Any CPU.ActiveCfg = Release|Any CPU
		{B396035E-E6C6-4199-A6C6-C1D9B8D401FD}.Release|Any CPU.Build.0 = Release|Any CPU
		{B396035E-E6C6-4199-A6C6-C1D9B8D401FD}.Release|x64.ActiveCfg = Release|Any CPU
		{B396035E-E6C6-4199-A6C6-C1D9B8D401FD}.Release|x64.Build.0 = Release|Any CPU
		{B396035E-E6C6-4199-A6C6-C1D9B8D401FD}.Release|x86.ActiveCfg = Release|Any CPU
		{B396035E-E6C6-4199-A6C6-C1D9B8D401FD}.Release|x86.Build.0 = Release|Any CPU
		{53AAB951-C3FB-44A0-A1FF-E74440400159}.Debug|Any CPU.ActiveCfg = Debug|Any CPU
		{53AAB951-C3FB-44A0-A1FF-E74440400159}.Debug|Any CPU.Build.0 = Debug|Any CPU
		{53AAB951-C3FB-44A0-A1FF-E74440400159}.Debug|x64.ActiveCfg = Debug|Any CPU
		{53AAB951-C3FB-44A0-A1FF-E74440400159}.Debug|x64.Build.0 = Debug|Any CPU
		{53AAB951-C3FB-44A0-A1FF-E74440400159}.Debug|x86.ActiveCfg = Debug|Any CPU
		{53AAB951-C3FB-44A0-A1FF-E74440400159}.Debug|x86.Build.0 = Debug|Any CPU
		{53AAB951-C3FB-44A0-A1FF-E74440400159}.Release|Any CPU.ActiveCfg = Release|Any CPU
		{53AAB951-C3FB-44A0-A1FF-E74440400159}.Release|Any CPU.Build.0 = Release|Any CPU
		{53AAB951-C3FB-44A0-A1FF-E74440400159}.Release|x64.ActiveCfg = Release|Any CPU
		{53AAB951-C3FB-44A0-A1FF-E74440400159}.Release|x64.Build.0 = Release|Any CPU
		{53AAB951-C3FB-44A0-A1FF-E74440400159}.Release|x86.ActiveCfg = Release|Any CPU
		{53AAB951-C3FB-44A0-A1FF-E74440400159}.Release|x86.Build.0 = Release|Any CPU
		{A13F91E1-4229-420B-82EC-C1DC0EF90B13}.Debug|Any CPU.ActiveCfg = Debug|Any CPU
		{A13F91E1-4229-420B-82EC-C1DC0EF90B13}.Debug|Any CPU.Build.0 = Debug|Any CPU
		{A13F91E1-4229-420B-82EC-C1DC0EF90B13}.Debug|x64.ActiveCfg = Debug|Any CPU
		{A13F91E1-4229-420B-82EC-C1DC0EF90B13}.Debug|x64.Build.0 = Debug|Any CPU
		{A13F91E1-4229-420B-82EC-C1DC0EF90B13}.Debug|x86.ActiveCfg = Debug|Any CPU
		{A13F91E1-4229-420B-82EC-C1DC0EF90B13}.Debug|x86.Build.0 = Debug|Any CPU
		{A13F91E1-4229-420B-82EC-C1DC0EF90B13}.Release|Any CPU.ActiveCfg = Release|Any CPU
		{A13F91E1-4229-420B-82EC-C1DC0EF90B13}.Release|Any CPU.Build.0 = Release|Any CPU
		{A13F91E1-4229-420B-82EC-C1DC0EF90B13}.Release|x64.ActiveCfg = Release|Any CPU
		{A13F91E1-4229-420B-82EC-C1DC0EF90B13}.Release|x64.Build.0 = Release|Any CPU
		{A13F91E1-4229-420B-82EC-C1DC0EF90B13}.Release|x86.ActiveCfg = Release|Any CPU
		{A13F91E1-4229-420B-82EC-C1DC0EF90B13}.Release|x86.Build.0 = Release|Any CPU
		{DBE8C9A0-BD8A-4D58-9C55-4C22456A5F00}.Debug|Any CPU.ActiveCfg = Debug|Any CPU
		{DBE8C9A0-BD8A-4D58-9C55-4C22456A5F00}.Debug|Any CPU.Build.0 = Debug|Any CPU
		{DBE8C9A0-BD8A-4D58-9C55-4C22456A5F00}.Debug|x64.ActiveCfg = Debug|Any CPU
		{DBE8C9A0-BD8A-4D58-9C55-4C22456A5F00}.Debug|x64.Build.0 = Debug|Any CPU
		{DBE8C9A0-BD8A-4D58-9C55-4C22456A5F00}.Debug|x86.ActiveCfg = Debug|Any CPU
		{DBE8C9A0-BD8A-4D58-9C55-4C22456A5F00}.Debug|x86.Build.0 = Debug|Any CPU
		{DBE8C9A0-BD8A-4D58-9C55-4C22456A5F00}.Release|Any CPU.ActiveCfg = Release|Any CPU
		{DBE8C9A0-BD8A-4D58-9C55-4C22456A5F00}.Release|Any CPU.Build.0 = Release|Any CPU
		{DBE8C9A0-BD8A-4D58-9C55-4C22456A5F00}.Release|x64.ActiveCfg = Release|Any CPU
		{DBE8C9A0-BD8A-4D58-9C55-4C22456A5F00}.Release|x64.Build.0 = Release|Any CPU
		{DBE8C9A0-BD8A-4D58-9C55-4C22456A5F00}.Release|x86.ActiveCfg = Release|Any CPU
		{DBE8C9A0-BD8A-4D58-9C55-4C22456A5F00}.Release|x86.Build.0 = Release|Any CPU
	EndGlobalSection
	GlobalSection(SolutionProperties) = preSolution
		HideSolutionNode = FALSE
	EndGlobalSection
	GlobalSection(NestedProjects) = preSolution
		{AE791E26-78E1-4936-BCF4-1BF5152CBBD6} = {D4718FE8-B3EA-4543-A424-315E649A4F70}
		{E12938B4-45A0-43E7-B569-873BFF08679A} = {AE791E26-78E1-4936-BCF4-1BF5152CBBD6}
		{CBE5BE25-B3DE-4B73-AED5-644B7F752545} = {AE791E26-78E1-4936-BCF4-1BF5152CBBD6}
		{1FB787F0-9AB6-44AC-801E-4274A37693A3} = {AE791E26-78E1-4936-BCF4-1BF5152CBBD6}
		{1B8FF228-FE29-4963-8306-0BCBDD8073C3} = {AE791E26-78E1-4936-BCF4-1BF5152CBBD6}
		{7D3FE978-4FFA-41EE-8A0A-1030AC471EF5} = {AE791E26-78E1-4936-BCF4-1BF5152CBBD6}
		{EDF632B3-48E2-43FD-B014-79CDED8F4240} = {AE791E26-78E1-4936-BCF4-1BF5152CBBD6}
		{37D70EEA-9621-44EB-921A-5D303917F851} = {AE791E26-78E1-4936-BCF4-1BF5152CBBD6}
		{93F066A5-A2D8-4926-A255-81077AEE5972} = {AE791E26-78E1-4936-BCF4-1BF5152CBBD6}
		{423EDB52-F832-4AE9-B85F-7F427056940A} = {AE791E26-78E1-4936-BCF4-1BF5152CBBD6}
		{939DD755-B5FC-46EF-AE8B-5073DA6D4490} = {F92E1B5C-26D4-4244-A4F9-41E22BA8E1CE}
		{7D7E290E-7A94-4F7B-AA05-27156C4A3CAC} = {AE791E26-78E1-4936-BCF4-1BF5152CBBD6}
		{C7E8C999-F8AE-427D-B748-6BCF7202B476} = {AE791E26-78E1-4936-BCF4-1BF5152CBBD6}
		{AD4D66B9-6CAB-4729-A5D1-57A859E06801} = {AE791E26-78E1-4936-BCF4-1BF5152CBBD6}
		{C0B90032-033F-4C3E-809F-BD3339E1E313} = {D4718FE8-B3EA-4543-A424-315E649A4F70}
		{D16DB73B-4EDF-4E61-9392-238CF3800DE2} = {AE791E26-78E1-4936-BCF4-1BF5152CBBD6}
		{D0C0C883-C49E-43BD-9E0B-65C6656DB314} = {AE791E26-78E1-4936-BCF4-1BF5152CBBD6}
		{DEABD6F6-9F9D-4395-9211-2AB82AF47565} = {AE791E26-78E1-4936-BCF4-1BF5152CBBD6}
		{5F9AF839-DB2A-4EFB-94A0-4DE3D4FCDC33} = {C0B90032-033F-4C3E-809F-BD3339E1E313}
		{A5A48DE5-6577-4F7B-B1F9-39694A14325E} = {C0B90032-033F-4C3E-809F-BD3339E1E313}
		{208D23D4-979E-4BB3-82A8-8875B7F8E40B} = {C0B90032-033F-4C3E-809F-BD3339E1E313}
		{6F7DE404-687A-4E0F-B1C3-87AA9D614148} = {1A456CF0-C09A-4DE6-89CE-1110EED31180}
		{02959294-F47F-437B-8482-A0E6DC3FBD27} = {1A456CF0-C09A-4DE6-89CE-1110EED31180}
		{A1C84AC6-8E21-4B6B-AB82-D17D01D3B0DC} = {1A456CF0-C09A-4DE6-89CE-1110EED31180}
		{0BB9EE0F-7EDA-4875-AE72-9A2C3C65DEA3} = {1A456CF0-C09A-4DE6-89CE-1110EED31180}
		{55831E51-933D-4091-87C0-6ECBEF1B6610} = {1A456CF0-C09A-4DE6-89CE-1110EED31180}
		{C6A9F0BA-8C45-44D6-A328-01DE776177DE} = {1A456CF0-C09A-4DE6-89CE-1110EED31180}
		{710FD16F-552D-4839-8AE5-B6CFEEEC290E} = {1A456CF0-C09A-4DE6-89CE-1110EED31180}
		{336B68B7-5F7F-4281-9B90-2D82F32E4FD2} = {1A456CF0-C09A-4DE6-89CE-1110EED31180}
		{B396035E-E6C6-4199-A6C6-C1D9B8D401FD} = {1A456CF0-C09A-4DE6-89CE-1110EED31180}
		{53AAB951-C3FB-44A0-A1FF-E74440400159} = {1A456CF0-C09A-4DE6-89CE-1110EED31180}
		{A13F91E1-4229-420B-82EC-C1DC0EF90B13} = {AE791E26-78E1-4936-BCF4-1BF5152CBBD6}
	EndGlobalSection
	GlobalSection(ExtensibilityGlobals) = postSolution
		SolutionGuid = {32B9C883-432E-4FC8-A1BF-090EB033DD5B}
	EndGlobalSection
EndGlobal
